// !$*UTF8*$!
{
	archiveVersion = 1;
	classes = {
	};
	objectVersion = 56;
	objects = {

/* Begin PBXBuildFile section */
		63F2B380930A9B8634D4F2A2 /* AutoDiagProApp.swift in Sources */ = {isa = PBXBuildFile; fileRef = C0297B30CC5E5A571AECE2FF /* AutoDiagProApp.swift */; };
		13D12041A122B575E596E2D4 /* ChatMessage.swift in Sources */ = {isa = PBXBuildFile; fileRef = 821BA9DA76BD849F8EAACB67 /* ChatMessage.swift */; };
		EE217094E1DFA42F2C275A47 /* CostEstimate.swift in Sources */ = {isa = PBXBuildFile; fileRef = CB7B6E839184D0EEAB347C7A /* CostEstimate.swift */; };
		AA2340E6AA8F4F87835C4604 /* Diagnostic.swift in Sources */ = {isa = PBXBuildFile; fileRef = 9E003417F153A1D090ACC51E /* Diagnostic.swift */; };
		2AF825134E24E76CFFD794FE /* EuropeanCountry.swift in Sources */ = {isa = PBXBuildFile; fileRef = AB5730123BC4A290E6AA6C18 /* EuropeanCountry.swift */; };
		05C5033EDDF517057021AEA8 /* HealthScore.swift in Sources */ = {isa = PBXBuildFile; fileRef = 285F5D28ACF27641F8CD775D /* HealthScore.swift */; };
		7DB23AB52FCCAEC05F4B4FED /* JournalEntry.swift in Sources */ = {isa = PBXBuildFile; fileRef = 9FE62219AA6F182AD0ED5902 /* JournalEntry.swift */; };
		4858A656B5E8203C761DC1E4 /* OBDData.swift in Sources */ = {isa = PBXBuildFile; fileRef = 6AABEF9F5528A2519AEFE3A2 /* OBDData.swift */; };
		125A31C641F35BCBEFC74A54 /* ServiceItem.swift in Sources */ = {isa = PBXBuildFile; fileRef = 6E820EB15845FB8CB9ECBF68 /* ServiceItem.swift */; };
		43A1F97DB17A6B2C4C1948E0 /* ServiceLocation.swift in Sources */ = {isa = PBXBuildFile; fileRef = 3F4E21B61D375E8D0A635ADE /* ServiceLocation.swift */; };
		B27611F849B52E266DB24A4A /* Vehicle.swift in Sources */ = {isa = PBXBuildFile; fileRef = 055C7A6412BBB507AF7CEA5A /* Vehicle.swift */; };
		3571BA7FE0033F824ADD03DA /* AnalyticsManager.swift in Sources */ = {isa = PBXBuildFile; fileRef = EB27337163C2BD69CB28706E /* AnalyticsManager.swift */; };
		3E485FCDB092D7C009F47467 /* AuthenticationManager.swift in Sources */ = {isa = PBXBuildFile; fileRef = EE3498FD2E64DE1CE2BB512D /* AuthenticationManager.swift */; };
		800A6C88CAE3F533DB44F766 /* CloudSyncManager.swift in Sources */ = {isa = PBXBuildFile; fileRef = 39195E644EFED2D80272673F /* CloudSyncManager.swift */; };
		A56816628CED63B358DCD4A0 /* LocalizationManager.swift in Sources */ = {isa = PBXBuildFile; fileRef = 3E5162731F865467603CC352 /* LocalizationManager.swift */; };
		D8155B4F4B178BFB2A3E65F0 /* LocationManager.swift in Sources */ = {isa = PBXBuildFile; fileRef = A914CF468706D3811C47B524 /* LocationManager.swift */; };
		C503713FE85B08AAC846DCEA /* MaintenanceAlarmManager.swift in Sources */ = {isa = PBXBuildFile; fileRef = 2ABBA1FC9BBAAEDA63E551F1 /* MaintenanceAlarmManager.swift */; };
		EF24A7202DF52138B9443453 /* NightModeManager.swift in Sources */ = {isa = PBXBuildFile; fileRef = 584BA64CCBD4932277A2FAFE /* NightModeManager.swift */; };
		6B90EACB5EECD789D75A151C /* NotificationManager.swift in Sources */ = {isa = PBXBuildFile; fileRef = 58255C55E02F47B4AA40F577 /* NotificationManager.swift */; };
		37A947383389877490B85DD0 /* OBD2BluetoothManager.swift in Sources */ = {isa = PBXBuildFile; fileRef = DC0045271D3A352264A36ABB /* OBD2BluetoothManager.swift */; };
		FB00BC49A243AB2EF5558093 /* PDFExportManager.swift in Sources */ = {isa = PBXBuildFile; fileRef = D02BBCB18A9A7C9E0DE18F27 /* PDFExportManager.swift */; };
		D6719304149D3590D7047957 /* SpeechRecognitionManager.swift in Sources */ = {isa = PBXBuildFile; fileRef = CA31E3F27D6224E2F743A9F5 /* SpeechRecognitionManager.swift */; };
		6840C7CE9342BCE798BA054A /* VehicleManager.swift in Sources */ = {isa = PBXBuildFile; fileRef = D248FB96FD297CC15F3F3572 /* VehicleManager.swift */; };
		5E583FF75EE4288CC0F4236B /* AppState.swift in Sources */ = {isa = PBXBuildFile; fileRef = 9DFB156B70BC503AB59B4093 /* AppState.swift */; };
		A96CBBC06753213A3553AE60 /* Extensions.swift in Sources */ = {isa = PBXBuildFile; fileRef = A430BF50F68AA38BC11312A2 /* Extensions.swift */; };
		78C447F84B87D864A733A55C /* Theme.swift in Sources */ = {isa = PBXBuildFile; fileRef = 73E52D9395051B42A67A2F92 /* Theme.swift */; };
		B67F46FB9610FAED3CE921B0 /* EuropeanAIDataView.swift in Sources */ = {isa = PBXBuildFile; fileRef = 623BDE056188A0F674C5F4C0 /* EuropeanAIDataView.swift */; };
		7EFB9F8D546CE0E09A0D2981 /* ARDiagnosticView.swift in Sources */ = {isa = PBXBuildFile; fileRef = F55B19FC9DD396C2B1C1D33A /* ARDiagnosticView.swift */; };
		A536102E9DD14F62014EA0BB /* ARRepairGuideView.swift in Sources */ = {isa = PBXBuildFile; fileRef = EF92D987EC3BB95552CFC17D /* ARRepairGuideView.swift */; };
		1C8D44DE256FB49EE5D607B8 /* QRPartScannerView.swift in Sources */ = {isa = PBXBuildFile; fileRef = 2AA334B2739EE66F5EEB8E49 /* QRPartScannerView.swift */; };
		474F417D46C9C1BF7EAF5EC5 /* CameraPreviewView.swift in Sources */ = {isa = PBXBuildFile; fileRef = 3B8A95FABD7A9850CF1E2BF0 /* CameraPreviewView.swift */; };
		C320611A252AD2A059921CFD /* CarCVView.swift in Sources */ = {isa = PBXBuildFile; fileRef = 0B1AF7A767967A692DADCA7C /* CarCVView.swift */; };
		64C7B8D11BFD33FAD88D5597 /* CarPlayPreviewView.swift in Sources */ = {isa = PBXBuildFile; fileRef = 83492138189CF806F7719A3F /* CarPlayPreviewView.swift */; };
		43602724219F7CAF7FDF59A1 /* EnhancedAIChatView.swift in Sources */ = {isa = PBXBuildFile; fileRef = F4BAE260E60DE0ED28D20E06 /* EnhancedAIChatView.swift */; };
		1E603C549378FA294FDB1EA9 /* MechanicChatView.swift in Sources */ = {isa = PBXBuildFile; fileRef = C46411BD059FCA64F18CE282 /* MechanicChatView.swift */; };
		6650CF87B42F105B89162FE3 /* CostComparatorView.swift in Sources */ = {isa = PBXBuildFile; fileRef = 48CB1B295110BF6C6EDC8209 /* CostComparatorView.swift */; };
		63D1E358207EDC2B6D3B9FB3 /* CostEstimatorView.swift in Sources */ = {isa = PBXBuildFile; fileRef = 846E4B8E49EA513E08FF1069 /* CostEstimatorView.swift */; };
		4A0DC1C2708068DBD866B783 /* MultiCountryConfigView.swift in Sources */ = {isa = PBXBuildFile; fileRef = C5B683736A58E89164F80F34 /* MultiCountryConfigView.swift */; };
		39BCA223B90974FC74338F8D /* DTCDecoderView.swift in Sources */ = {isa = PBXBuildFile; fileRef = 34FF539366970F992FEA4F16 /* DTCDecoderView.swift */; };
		3F8BDB4C9E47B8AFC971E585 /* CarDigitalTwinView.swift in Sources */ = {isa = PBXBuildFile; fileRef = BAFCAE8AD4AAF63EE59F028B /* CarDigitalTwinView.swift */; };
		87CD84641E12E2C6E9488ED8 /* FuelCalculatorView.swift in Sources */ = {isa = PBXBuildFile; fileRef = 5F1442DAF46D38753E1282CB /* FuelCalculatorView.swift */; };
		94DCC941722FD44EB9EA04FA /* CarAnimationView.swift in Sources */ = {isa = PBXBuildFile; fileRef = 3EB239BFF763F7FF8DE9D88C /* CarAnimationView.swift */; };
		DA623FA04D58CAC86751FCB6 /* HealthScoreView.swift in Sources */ = {isa = PBXBuildFile; fileRef = 0174956FC8DB8ADDFFD07CDA /* HealthScoreView.swift */; };
		25785404A89BC84791C7D032 /* HealthWidgetView.swift in Sources */ = {isa = PBXBuildFile; fileRef = BEF19BF3897D795EBD6BEF41 /* HealthWidgetView.swift */; };
		E3CD59A00088C0E616429129 /* MaintenanceAlarmsView.swift in Sources */ = {isa = PBXBuildFile; fileRef = 4D67EC802891411BB4A5F05A /* MaintenanceAlarmsView.swift */; };
		426545AA69BCDE44ECDCE7F6 /* ShakeDiagnoseView.swift in Sources */ = {isa = PBXBuildFile; fileRef = 3D2DEF7E30737BA95E4BE95E /* ShakeDiagnoseView.swift */; };
		D04287B3CAF62A16EA672D7E /* DiagnosticHistoryView.swift in Sources */ = {isa = PBXBuildFile; fileRef = 3B677AC1E9C832D35D0E61CF /* DiagnosticHistoryView.swift */; };
		1EBFF16E66383F633D3D44D9 /* ITPRadarView.swift in Sources */ = {isa = PBXBuildFile; fileRef = 913B2D1239B4F2BA6740A1AD /* ITPRadarView.swift */; };
		B7D3A475D1A62A013BF14EC0 /* RCAComparatorView.swift in Sources */ = {isa = PBXBuildFile; fileRef = CEA0A99AD766305978502CE2 /* RCAComparatorView.swift */; };
		7ED40B10EE441E1DA97D268D /* VehicleJournalView.swift in Sources */ = {isa = PBXBuildFile; fileRef = 73242D08C3271EA20449ABFB /* VehicleJournalView.swift */; };
		77FA38DBB468531502E583F1 /* LegalRadarView.swift in Sources */ = {isa = PBXBuildFile; fileRef = AB92BBED2277E9D1CF072F0F /* LegalRadarView.swift */; };
		3A4EC5852FD7063B063F0B32 /* EnhancedOBDView.swift in Sources */ = {isa = PBXBuildFile; fileRef = E1F3F2308F8EB50964F5F09D /* EnhancedOBDView.swift */; };
		298F51BEAB40E0B5A715767F /* LiveDashboardView.swift in Sources */ = {isa = PBXBuildFile; fileRef = BE387BBE25DD3337E6D2B816 /* LiveDashboardView.swift */; };
		5428D495174F4FA12663109E /* MainTabView.swift in Sources */ = {isa = PBXBuildFile; fileRef = B34E5D91B4AA0A1052D6D401 /* MainTabView.swift */; };
		45E6656F0AEAB34F2465A174 /* MoreMenuView.swift in Sources */ = {isa = PBXBuildFile; fileRef = B6B878ECB797279DF65954A3 /* MoreMenuView.swift */; };
		9B719890146C60980B355F79 /* ServiceMapView.swift in Sources */ = {isa = PBXBuildFile; fileRef = A240DA312653E3CED553E4EB /* ServiceMapView.swift */; };
		767F972F98B70FA2EA15A31E /* ServiceMarketplaceView.swift in Sources */ = {isa = PBXBuildFile; fileRef = 392A77F338D8F8ED66B78F90 /* ServiceMarketplaceView.swift */; };
		7AE902B3D95518F37DDFD9A7 /* OnboardingView.swift in Sources */ = {isa = PBXBuildFile; fileRef = 6A7792EA3C6A441E319B8AE3 /* OnboardingView.swift */; };
		3E22D5EE6F7C4E0367367D70 /* FailurePredictorView.swift in Sources */ = {isa = PBXBuildFile; fileRef = E56E9840053D811AA4309EAF /* FailurePredictorView.swift */; };
		3CFBDAF4B7374D56D13B696D /* PrivacyTermsView.swift in Sources */ = {isa = PBXBuildFile; fileRef = 1222EC30CB06C5C1360F41E9 /* PrivacyTermsView.swift */; };
		84699EC5624104042D45EA6A /* InAppPurchaseView.swift in Sources */ = {isa = PBXBuildFile; fileRef = 6D135229FCC4ABC5E090BCB6 /* InAppPurchaseView.swift */; };
		0260441AF12D8AB2D80CDFE3 /* RecallCampaignsView.swift in Sources */ = {isa = PBXBuildFile; fileRef = 1C3D242F8C4A04EB489834C0 /* RecallCampaignsView.swift */; };
		BBA098CD7E2E4AFA0FD49A30 /* ScanView.swift in Sources */ = {isa = PBXBuildFile; fileRef = B92B8BD9208AC3BB9385DF5E /* ScanView.swift */; };
		1CDC61A058A5714F9F0D91DE /* ServiceCalendarView.swift in Sources */ = {isa = PBXBuildFile; fileRef = 83EE9384AE885E7C53154A0D /* ServiceCalendarView.swift */; };
		26A8A0F7C2112F57F903BF8B /* AppStoreScreenshotsView.swift in Sources */ = {isa = PBXBuildFile; fileRef = BBEE328E8CEAF65ABE613293 /* AppStoreScreenshotsView.swift */; };
		A05DA8594D97D328A1D31F4B /* ShareVehicleReportView.swift in Sources */ = {isa = PBXBuildFile; fileRef = 6B9D93855D360C3B9E780B08 /* ShareVehicleReportView.swift */; };
		709A96BA540D8FD32908BCDC /* ImagePickerView.swift in Sources */ = {isa = PBXBuildFile; fileRef = 54E562802D6E2E7CBC5F1CCC /* ImagePickerView.swift */; };
		139E185F2383561E17BFA9A3 /* SiriShortcutsView.swift in Sources */ = {isa = PBXBuildFile; fileRef = BE5FDF08DE6DC0AF848C9234 /* SiriShortcutsView.swift */; };
		12826EDCFC41492825AEAFC4 /* EngineSoundAnalysisView.swift in Sources */ = {isa = PBXBuildFile; fileRef = ED0CA2244A46EC579C8C30E1 /* EngineSoundAnalysisView.swift */; };
		3228ECA4EB070506244E2DD9 /* MechanicTrustView.swift in Sources */ = {isa = PBXBuildFile; fileRef = 6101847D68BEA9EE4B4A8C9A /* MechanicTrustView.swift */; };
		553265F0FE5F0B93CE5FCFFC /* VINAutoSetupView.swift in Sources */ = {isa = PBXBuildFile; fileRef = 82C5EEB95EBB24BFB71F2642 /* VINAutoSetupView.swift */; };
		DD77E7BBAB5C22FAD7FB17F7 /* VINScanView.swift in Sources */ = {isa = PBXBuildFile; fileRef = A7FEEE79AE7E227E4293A016 /* VINScanView.swift */; };
		C87E16375071E4987711AF9E /* CarValuationView.swift in Sources */ = {isa = PBXBuildFile; fileRef = 57258B347980D4075B40DE13 /* CarValuationView.swift */; };
		B1AA1F4D456FEA7D45DEEC06 /* VoiceDiagnosticView.swift in Sources */ = {isa = PBXBuildFile; fileRef = 155D1ECF3BEF8E51C890E623 /* VoiceDiagnosticView.swift */; };
		B56D19AE14565A582270B0A5 /* WatchPreviewView.swift in Sources */ = {isa = PBXBuildFile; fileRef = 859B39173D4C0378186791A6 /* WatchPreviewView.swift */; };
		99812033B8BD7CDC0C7E876A /* Assets.xcassets in Resources */ = {isa = PBXBuildFile; fileRef = CC3340C45202B29152467289 /* Assets.xcassets */; };
/* End PBXBuildFile section */

/* Begin PBXFileReference section */
		C0297B30CC5E5A571AECE2FF /* AutoDiagProApp.swift */ = {isa = PBXFileReference; lastKnownFileType = sourcecode.swift; path = AutoDiagProApp.swift; sourceTree = "<group>"; };
		821BA9DA76BD849F8EAACB67 /* ChatMessage.swift */ = {isa = PBXFileReference; lastKnownFileType = sourcecode.swift; path = ChatMessage.swift; sourceTree = "<group>"; };
		CB7B6E839184D0EEAB347C7A /* CostEstimate.swift */ = {isa = PBXFileReference; lastKnownFileType = sourcecode.swift; path = CostEstimate.swift; sourceTree = "<group>"; };
		9E003417F153A1D090ACC51E /* Diagnostic.swift */ = {isa = PBXFileReference; lastKnownFileType = sourcecode.swift; path = Diagnostic.swift; sourceTree = "<group>"; };
		AB5730123BC4A290E6AA6C18 /* EuropeanCountry.swift */ = {isa = PBXFileReference; lastKnownFileType = sourcecode.swift; path = EuropeanCountry.swift; sourceTree = "<group>"; };
		285F5D28ACF27641F8CD775D /* HealthScore.swift */ = {isa = PBXFileReference; lastKnownFileType = sourcecode.swift; path = HealthScore.swift; sourceTree = "<group>"; };
		9FE62219AA6F182AD0ED5902 /* JournalEntry.swift */ = {isa = PBXFileReference; lastKnownFileType = sourcecode.swift; path = JournalEntry.swift; sourceTree = "<group>"; };
		6AABEF9F5528A2519AEFE3A2 /* OBDData.swift */ = {isa = PBXFileReference; lastKnownFileType = sourcecode.swift; path = OBDData.swift; sourceTree = "<group>"; };
		6E820EB15845FB8CB9ECBF68 /* ServiceItem.swift */ = {isa = PBXFileReference; lastKnownFileType = sourcecode.swift; path = ServiceItem.swift; sourceTree = "<group>"; };
		3F4E21B61D375E8D0A635ADE /* ServiceLocation.swift */ = {isa = PBXFileReference; lastKnownFileType = sourcecode.swift; path = ServiceLocation.swift; sourceTree = "<group>"; };
		055C7A6412BBB507AF7CEA5A /* Vehicle.swift */ = {isa = PBXFileReference; lastKnownFileType = sourcecode.swift; path = Vehicle.swift; sourceTree = "<group>"; };
		EB27337163C2BD69CB28706E /* AnalyticsManager.swift */ = {isa = PBXFileReference; lastKnownFileType = sourcecode.swift; path = AnalyticsManager.swift; sourceTree = "<group>"; };
		EE3498FD2E64DE1CE2BB512D /* AuthenticationManager.swift */ = {isa = PBXFileReference; lastKnownFileType = sourcecode.swift; path = AuthenticationManager.swift; sourceTree = "<group>"; };
		39195E644EFED2D80272673F /* CloudSyncManager.swift */ = {isa = PBXFileReference; lastKnownFileType = sourcecode.swift; path = CloudSyncManager.swift; sourceTree = "<group>"; };
		3E5162731F865467603CC352 /* LocalizationManager.swift */ = {isa = PBXFileReference; lastKnownFileType = sourcecode.swift; path = LocalizationManager.swift; sourceTree = "<group>"; };
		A914CF468706D3811C47B524 /* LocationManager.swift */ = {isa = PBXFileReference; lastKnownFileType = sourcecode.swift; path = LocationManager.swift; sourceTree = "<group>"; };
		2ABBA1FC9BBAAEDA63E551F1 /* MaintenanceAlarmManager.swift */ = {isa = PBXFileReference; lastKnownFileType = sourcecode.swift; path = MaintenanceAlarmManager.swift; sourceTree = "<group>"; };
		584BA64CCBD4932277A2FAFE /* NightModeManager.swift */ = {isa = PBXFileReference; lastKnownFileType = sourcecode.swift; path = NightModeManager.swift; sourceTree = "<group>"; };
		58255C55E02F47B4AA40F577 /* NotificationManager.swift */ = {isa = PBXFileReference; lastKnownFileType = sourcecode.swift; path = NotificationManager.swift; sourceTree = "<group>"; };
		DC0045271D3A352264A36ABB /* OBD2BluetoothManager.swift */ = {isa = PBXFileReference; lastKnownFileType = sourcecode.swift; path = OBD2BluetoothManager.swift; sourceTree = "<group>"; };
		D02BBCB18A9A7C9E0DE18F27 /* PDFExportManager.swift */ = {isa = PBXFileReference; lastKnownFileType = sourcecode.swift; path = PDFExportManager.swift; sourceTree = "<group>"; };
		CA31E3F27D6224E2F743A9F5 /* SpeechRecognitionManager.swift */ = {isa = PBXFileReference; lastKnownFileType = sourcecode.swift; path = SpeechRecognitionManager.swift; sourceTree = "<group>"; };
		D248FB96FD297CC15F3F3572 /* VehicleManager.swift */ = {isa = PBXFileReference; lastKnownFileType = sourcecode.swift; path = VehicleManager.swift; sourceTree = "<group>"; };
		9DFB156B70BC503AB59B4093 /* AppState.swift */ = {isa = PBXFileReference; lastKnownFileType = sourcecode.swift; path = AppState.swift; sourceTree = "<group>"; };
		A430BF50F68AA38BC11312A2 /* Extensions.swift */ = {isa = PBXFileReference; lastKnownFileType = sourcecode.swift; path = Extensions.swift; sourceTree = "<group>"; };
		73E52D9395051B42A67A2F92 /* Theme.swift */ = {isa = PBXFileReference; lastKnownFileType = sourcecode.swift; path = Theme.swift; sourceTree = "<group>"; };
		623BDE056188A0F674C5F4C0 /* EuropeanAIDataView.swift */ = {isa = PBXFileReference; lastKnownFileType = sourcecode.swift; path = EuropeanAIDataView.swift; sourceTree = "<group>"; };
		F55B19FC9DD396C2B1C1D33A /* ARDiagnosticView.swift */ = {isa = PBXFileReference; lastKnownFileType = sourcecode.swift; path = ARDiagnosticView.swift; sourceTree = "<group>"; };
		EF92D987EC3BB95552CFC17D /* ARRepairGuideView.swift */ = {isa = PBXFileReference; lastKnownFileType = sourcecode.swift; path = ARRepairGuideView.swift; sourceTree = "<group>"; };
		2AA334B2739EE66F5EEB8E49 /* QRPartScannerView.swift */ = {isa = PBXFileReference; lastKnownFileType = sourcecode.swift; path = QRPartScannerView.swift; sourceTree = "<group>"; };
		3B8A95FABD7A9850CF1E2BF0 /* CameraPreviewView.swift */ = {isa = PBXFileReference; lastKnownFileType = sourcecode.swift; path = CameraPreviewView.swift; sourceTree = "<group>"; };
		0B1AF7A767967A692DADCA7C /* CarCVView.swift */ = {isa = PBXFileReference; lastKnownFileType = sourcecode.swift; path = CarCVView.swift; sourceTree = "<group>"; };
		83492138189CF806F7719A3F /* CarPlayPreviewView.swift */ = {isa = PBXFileReference; lastKnownFileType = sourcecode.swift; path = CarPlayPreviewView.swift; sourceTree = "<group>"; };
		F4BAE260E60DE0ED28D20E06 /* EnhancedAIChatView.swift */ = {isa = PBXFileReference; lastKnownFileType = sourcecode.swift; path = EnhancedAIChatView.swift; sourceTree = "<group>"; };
		C46411BD059FCA64F18CE282 /* MechanicChatView.swift */ = {isa = PBXFileReference; lastKnownFileType = sourcecode.swift; path = MechanicChatView.swift; sourceTree = "<group>"; };
		48CB1B295110BF6C6EDC8209 /* CostComparatorView.swift */ = {isa = PBXFileReference; lastKnownFileType = sourcecode.swift; path = CostComparatorView.swift; sourceTree = "<group>"; };
		846E4B8E49EA513E08FF1069 /* CostEstimatorView.swift */ = {isa = PBXFileReference; lastKnownFileType = sourcecode.swift; path = CostEstimatorView.swift; sourceTree = "<group>"; };
		C5B683736A58E89164F80F34 /* MultiCountryConfigView.swift */ = {isa = PBXFileReference; lastKnownFileType = sourcecode.swift; path = MultiCountryConfigView.swift; sourceTree = "<group>"; };
		34FF539366970F992FEA4F16 /* DTCDecoderView.swift */ = {isa = PBXFileReference; lastKnownFileType = sourcecode.swift; path = DTCDecoderView.swift; sourceTree = "<group>"; };
		BAFCAE8AD4AAF63EE59F028B /* CarDigitalTwinView.swift */ = {isa = PBXFileReference; lastKnownFileType = sourcecode.swift; path = CarDigitalTwinView.swift; sourceTree = "<group>"; };
		5F1442DAF46D38753E1282CB /* FuelCalculatorView.swift */ = {isa = PBXFileReference; lastKnownFileType = sourcecode.swift; path = FuelCalculatorView.swift; sourceTree = "<group>"; };
		3EB239BFF763F7FF8DE9D88C /* CarAnimationView.swift */ = {isa = PBXFileReference; lastKnownFileType = sourcecode.swift; path = CarAnimationView.swift; sourceTree = "<group>"; };
		0174956FC8DB8ADDFFD07CDA /* HealthScoreView.swift */ = {isa = PBXFileReference; lastKnownFileType = sourcecode.swift; path = HealthScoreView.swift; sourceTree = "<group>"; };
		BEF19BF3897D795EBD6BEF41 /* HealthWidgetView.swift */ = {isa = PBXFileReference; lastKnownFileType = sourcecode.swift; path = HealthWidgetView.swift; sourceTree = "<group>"; };
		4D67EC802891411BB4A5F05A /* MaintenanceAlarmsView.swift */ = {isa = PBXFileReference; lastKnownFileType = sourcecode.swift; path = MaintenanceAlarmsView.swift; sourceTree = "<group>"; };
		3D2DEF7E30737BA95E4BE95E /* ShakeDiagnoseView.swift */ = {isa = PBXFileReference; lastKnownFileType = sourcecode.swift; path = ShakeDiagnoseView.swift; sourceTree = "<group>"; };
		3B677AC1E9C832D35D0E61CF /* DiagnosticHistoryView.swift */ = {isa = PBXFileReference; lastKnownFileType = sourcecode.swift; path = DiagnosticHistoryView.swift; sourceTree = "<group>"; };
		913B2D1239B4F2BA6740A1AD /* ITPRadarView.swift */ = {isa = PBXFileReference; lastKnownFileType = sourcecode.swift; path = ITPRadarView.swift; sourceTree = "<group>"; };
		CEA0A99AD766305978502CE2 /* RCAComparatorView.swift */ = {isa = PBXFileReference; lastKnownFileType = sourcecode.swift; path = RCAComparatorView.swift; sourceTree = "<group>"; };
		73242D08C3271EA20449ABFB /* VehicleJournalView.swift */ = {isa = PBXFileReference; lastKnownFileType = sourcecode.swift; path = VehicleJournalView.swift; sourceTree = "<group>"; };
		AB92BBED2277E9D1CF072F0F /* LegalRadarView.swift */ = {isa = PBXFileReference; lastKnownFileType = sourcecode.swift; path = LegalRadarView.swift; sourceTree = "<group>"; };
		E1F3F2308F8EB50964F5F09D /* EnhancedOBDView.swift */ = {isa = PBXFileReference; lastKnownFileType = sourcecode.swift; path = EnhancedOBDView.swift; sourceTree = "<group>"; };
		BE387BBE25DD3337E6D2B816 /* LiveDashboardView.swift */ = {isa = PBXFileReference; lastKnownFileType = sourcecode.swift; path = LiveDashboardView.swift; sourceTree = "<group>"; };
		B34E5D91B4AA0A1052D6D401 /* MainTabView.swift */ = {isa = PBXFileReference; lastKnownFileType = sourcecode.swift; path = MainTabView.swift; sourceTree = "<group>"; };
		B6B878ECB797279DF65954A3 /* MoreMenuView.swift */ = {isa = PBXFileReference; lastKnownFileType = sourcecode.swift; path = MoreMenuView.swift; sourceTree = "<group>"; };
		A240DA312653E3CED553E4EB /* ServiceMapView.swift */ = {isa = PBXFileReference; lastKnownFileType = sourcecode.swift; path = ServiceMapView.swift; sourceTree = "<group>"; };
		392A77F338D8F8ED66B78F90 /* ServiceMarketplaceView.swift */ = {isa = PBXFileReference; lastKnownFileType = sourcecode.swift; path = ServiceMarketplaceView.swift; sourceTree = "<group>"; };
		6A7792EA3C6A441E319B8AE3 /* OnboardingView.swift */ = {isa = PBXFileReference; lastKnownFileType = sourcecode.swift; path = OnboardingView.swift; sourceTree = "<group>"; };
		E56E9840053D811AA4309EAF /* FailurePredictorView.swift */ = {isa = PBXFileReference; lastKnownFileType = sourcecode.swift; path = FailurePredictorView.swift; sourceTree = "<group>"; };
		1222EC30CB06C5C1360F41E9 /* PrivacyTermsView.swift */ = {isa = PBXFileReference; lastKnownFileType = sourcecode.swift; path = PrivacyTermsView.swift; sourceTree = "<group>"; };
		6D135229FCC4ABC5E090BCB6 /* InAppPurchaseView.swift */ = {isa = PBXFileReference; lastKnownFileType = sourcecode.swift; path = InAppPurchaseView.swift; sourceTree = "<group>"; };
		1C3D242F8C4A04EB489834C0 /* RecallCampaignsView.swift */ = {isa = PBXFileReference; lastKnownFileType = sourcecode.swift; path = RecallCampaignsView.swift; sourceTree = "<group>"; };
		B92B8BD9208AC3BB9385DF5E /* ScanView.swift */ = {isa = PBXFileReference; lastKnownFileType = sourcecode.swift; path = ScanView.swift; sourceTree = "<group>"; };
		83EE9384AE885E7C53154A0D /* ServiceCalendarView.swift */ = {isa = PBXFileReference; lastKnownFileType = sourcecode.swift; path = ServiceCalendarView.swift; sourceTree = "<group>"; };
		BBEE328E8CEAF65ABE613293 /* AppStoreScreenshotsView.swift */ = {isa = PBXFileReference; lastKnownFileType = sourcecode.swift; path = AppStoreScreenshotsView.swift; sourceTree = "<group>"; };
		6B9D93855D360C3B9E780B08 /* ShareVehicleReportView.swift */ = {isa = PBXFileReference; lastKnownFileType = sourcecode.swift; path = ShareVehicleReportView.swift; sourceTree = "<group>"; };
		54E562802D6E2E7CBC5F1CCC /* ImagePickerView.swift */ = {isa = PBXFileReference; lastKnownFileType = sourcecode.swift; path = ImagePickerView.swift; sourceTree = "<group>"; };
		BE5FDF08DE6DC0AF848C9234 /* SiriShortcutsView.swift */ = {isa = PBXFileReference; lastKnownFileType = sourcecode.swift; path = SiriShortcutsView.swift; sourceTree = "<group>"; };
		ED0CA2244A46EC579C8C30E1 /* EngineSoundAnalysisView.swift */ = {isa = PBXFileReference; lastKnownFileType = sourcecode.swift; path = EngineSoundAnalysisView.swift; sourceTree = "<group>"; };
		6101847D68BEA9EE4B4A8C9A /* MechanicTrustView.swift */ = {isa = PBXFileReference; lastKnownFileType = sourcecode.swift; path = MechanicTrustView.swift; sourceTree = "<group>"; };
		82C5EEB95EBB24BFB71F2642 /* VINAutoSetupView.swift */ = {isa = PBXFileReference; lastKnownFileType = sourcecode.swift; path = VINAutoSetupView.swift; sourceTree = "<group>"; };
		A7FEEE79AE7E227E4293A016 /* VINScanView.swift */ = {isa = PBXFileReference; lastKnownFileType = sourcecode.swift; path = VINScanView.swift; sourceTree = "<group>"; };
		57258B347980D4075B40DE13 /* CarValuationView.swift */ = {isa = PBXFileReference; lastKnownFileType = sourcecode.swift; path = CarValuationView.swift; sourceTree = "<group>"; };
		155D1ECF3BEF8E51C890E623 /* VoiceDiagnosticView.swift */ = {isa = PBXFileReference; lastKnownFileType = sourcecode.swift; path = VoiceDiagnosticView.swift; sourceTree = "<group>"; };
		859B39173D4C0378186791A6 /* WatchPreviewView.swift */ = {isa = PBXFileReference; lastKnownFileType = sourcecode.swift; path = WatchPreviewView.swift; sourceTree = "<group>"; };
		CC3340C45202B29152467289 /* Assets.xcassets */ = {isa = PBXFileReference; lastKnownFileType = folder.assetcatalog; path = Assets.xcassets; sourceTree = "<group>"; };
		0096DDB5D5C93DB7732319BF /* Info.plist */ = {isa = PBXFileReference; lastKnownFileType = text.plist.xml; path = Info.plist; sourceTree = "<group>"; };
		87BC7CEB437BD96C7B75F7DA /* AutoDiagPro.app */ = {isa = PBXFileReference; explicitFileType = wrapper.application; includeInIndex = 0; path = AutoDiagPro.app; sourceTree = BUILT_PRODUCTS_DIR; };
/* End PBXFileReference section */

/* Begin PBXFrameworksBuildPhase section */
		A6E8E7DF88D31078DBF4E18B /* Frameworks */ = {
			isa = PBXFrameworksBuildPhase;
			buildActionMask = 2147483647;
			files = (
			);
			runOnlyForDeploymentPostprocessing = 0;
		};
/* End PBXFrameworksBuildPhase section */

/* Begin PBXGroup section */
		71D2E56247FE75C3DCE9B609 = {
			isa = PBXGroup;
			children = (
				603743A2CD8E1AE112617960 /* AutoDiagPro */,
				9A76A62D587AD0C58292763F /* Products */,
			);
			sourceTree = "<group>";
		};
		9A76A62D587AD0C58292763F /* Products */ = {
			isa = PBXGroup;
			children = (
				87BC7CEB437BD96C7B75F7DA /* AutoDiagPro.app */,
			);
			name = Products;
			sourceTree = "<group>";
		};
		603743A2CD8E1AE112617960 /* AutoDiagPro */ = {
			isa = PBXGroup;
			children = (
				C0297B30CC5E5A571AECE2FF /* AutoDiagProApp.swift */,
				0096DDB5D5C93DB7732319BF /* Info.plist */,
				CC3340C45202B29152467289 /* Assets.xcassets */,
				9CF43B31E8845D861542A38E /* Models */,
				564EAF51B7DD4639ADD9B985 /* Services */,
				94EC979C78A1C9E483FAC308 /* Utilities */,
				C454586A1F4E28C340BDC1AD /* Views */,
			);
			path = AutoDiagPro;
			sourceTree = "<group>";
		};
		9CF43B31E8845D861542A38E /* Models */ = {
			isa = PBXGroup;
			children = (
				821BA9DA76BD849F8EAACB67 /* ChatMessage.swift */,
				CB7B6E839184D0EEAB347C7A /* CostEstimate.swift */,
				9E003417F153A1D090ACC51E /* Diagnostic.swift */,
				AB5730123BC4A290E6AA6C18 /* EuropeanCountry.swift */,
				285F5D28ACF27641F8CD775D /* HealthScore.swift */,
				9FE62219AA6F182AD0ED5902 /* JournalEntry.swift */,
				6AABEF9F5528A2519AEFE3A2 /* OBDData.swift */,
				6E820EB15845FB8CB9ECBF68 /* ServiceItem.swift */,
				3F4E21B61D375E8D0A635ADE /* ServiceLocation.swift */,
				055C7A6412BBB507AF7CEA5A /* Vehicle.swift */,
			);
			path = Models;
			sourceTree = "<group>";
		};
		564EAF51B7DD4639ADD9B985 /* Services */ = {
			isa = PBXGroup;
			children = (
				EB27337163C2BD69CB28706E /* AnalyticsManager.swift */,
				EE3498FD2E64DE1CE2BB512D /* AuthenticationManager.swift */,
				39195E644EFED2D80272673F /* CloudSyncManager.swift */,
				3E5162731F865467603CC352 /* LocalizationManager.swift */,
				A914CF468706D3811C47B524 /* LocationManager.swift */,
				2ABBA1FC9BBAAEDA63E551F1 /* MaintenanceAlarmManager.swift */,
				584BA64CCBD4932277A2FAFE /* NightModeManager.swift */,
				58255C55E02F47B4AA40F577 /* NotificationManager.swift */,
				DC0045271D3A352264A36ABB /* OBD2BluetoothManager.swift */,
				D02BBCB18A9A7C9E0DE18F27 /* PDFExportManager.swift */,
				CA31E3F27D6224E2F743A9F5 /* SpeechRecognitionManager.swift */,
				D248FB96FD297CC15F3F3572 /* VehicleManager.swift */,
			);
			path = Services;
			sourceTree = "<group>";
		};
		94EC979C78A1C9E483FAC308 /* Utilities */ = {
			isa = PBXGroup;
			children = (
				9DFB156B70BC503AB59B4093 /* AppState.swift */,
				A430BF50F68AA38BC11312A2 /* Extensions.swift */,
				73E52D9395051B42A67A2F92 /* Theme.swift */,
			);
			path = Utilities;
			sourceTree = "<group>";
		};
		C454586A1F4E28C340BDC1AD /* Views */ = {
			isa = PBXGroup;
			children = (
				260079B7EAA45F36EA35F69D /* AI */,
				EF16B30C23E546C5930430A3 /* AR */,
				139C93927B89CA375BBEBC28 /* Camera */,
				0D766BEFE2D2DB6B7F57F7DC /* CarCV */,
				80646BD4158A5F09326E759C /* CarPlay */,
				0CB2A6CB53CAE09942FA215E /* Chat */,
				F7D81FBB1544E296D763ADCE /* Costs */,
				B1A0AC4A446E129CF8943BDE /* Country */,
				15F1AFDAEF8733E0CB496A71 /* DTC */,
				6CE9A45E09C3F09EAAD88C28 /* DigitalTwin */,
				B8ECE7CD5FF16DAC77614F8B /* Fuel */,
				7C644E8D58F03474D73A32D6 /* Health */,
				3EBB0B9752973EC9694F6903 /* History */,
				992F35BEFCA30C5098725895 /* ITP */,
				66F5809D658F83AB4D2BE9C6 /* Insurance */,
				ABED7C1F19380E145A180B9E /* Journal */,
				3D38651A8828EAA02742920B /* Legal */,
				3E7B37965207958D246315D9 /* Live */,
				BBD1DC07A8D4291F4EF245FA /* Main */,
				BA97A4AC27D5F9D1325C5083 /* Map */,
				BEC177B67F561ADA03152FD6 /* Marketplace */,
				02B6071172BF914AADD5FDDB /* Onboarding */,
				EF557112BE5C81A74548F91A /* Predictions */,
				3D24B7152FD7C28B89EDA729 /* Privacy */,
				371591AE51E9034BDAA4955C /* Purchase */,
				098A628429A18FAA57050366 /* Recall */,
				900C9DF1DFF79803F6989444 /* Scan */,
				C4991B01ADCCFA879B01ED5A /* Service */,
				4F60404FBFDF40A2513E2919 /* Settings */,
				CD230AEE6FC5D93E81A62388 /* Share */,
				FECF9BEF2B7D9F5F97164536 /* Shared */,
				20ABA6387F8CA7819205BE35 /* Siri */,
				DF40D4E9EDEF40EF8081C87A /* Sound */,
				2367655B78D4445E601CE396 /* Trust */,
				A9F01AD8D4F533E300E55E05 /* VIN */,
				E4B169624CB4DA60D87DE3E8 /* Valuation */,
				08637BD50B7AA44C4DFF32F1 /* Voice */,
				8E259E643EC4B592C61DBDC6 /* Watch */,
			);
			path = Views;
			sourceTree = "<group>";
		};
		260079B7EAA45F36EA35F69D /* AI */ = {
			isa = PBXGroup;
			children = (
				623BDE056188A0F674C5F4C0 /* EuropeanAIDataView.swift */,
			);
			path = AI;
			sourceTree = "<group>";
		};
		EF16B30C23E546C5930430A3 /* AR */ = {
			isa = PBXGroup;
			children = (
				F55B19FC9DD396C2B1C1D33A /* ARDiagnosticView.swift */,
				EF92D987EC3BB95552CFC17D /* ARRepairGuideView.swift */,
				2AA334B2739EE66F5EEB8E49 /* QRPartScannerView.swift */,
			);
			path = AR;
			sourceTree = "<group>";
		};
		139C93927B89CA375BBEBC28 /* Camera */ = {
			isa = PBXGroup;
			children = (
				3B8A95FABD7A9850CF1E2BF0 /* CameraPreviewView.swift */,
			);
			path = Camera;
			sourceTree = "<group>";
		};
		0D766BEFE2D2DB6B7F57F7DC /* CarCV */ = {
			isa = PBXGroup;
			children = (
				0B1AF7A767967A692DADCA7C /* CarCVView.swift */,
			);
			path = CarCV;
			sourceTree = "<group>";
		};
		80646BD4158A5F09326E759C /* CarPlay */ = {
			isa = PBXGroup;
			children = (
				83492138189CF806F7719A3F /* CarPlayPreviewView.swift */,
			);
			path = CarPlay;
			sourceTree = "<group>";
		};
		0CB2A6CB53CAE09942FA215E /* Chat */ = {
			isa = PBXGroup;
			children = (
				F4BAE260E60DE0ED28D20E06 /* EnhancedAIChatView.swift */,
				C46411BD059FCA64F18CE282 /* MechanicChatView.swift */,
			);
			path = Chat;
			sourceTree = "<group>";
		};
		F7D81FBB1544E296D763ADCE /* Costs */ = {
			isa = PBXGroup;
			children = (
				48CB1B295110BF6C6EDC8209 /* CostComparatorView.swift */,
				846E4B8E49EA513E08FF1069 /* CostEstimatorView.swift */,
			);
			path = Costs;
			sourceTree = "<group>";
		};
		B1A0AC4A446E129CF8943BDE /* Country */ = {
			isa = PBXGroup;
			children = (
				C5B683736A58E89164F80F34 /* MultiCountryConfigView.swift */,
			);
			path = Country;
			sourceTree = "<group>";
		};
		15F1AFDAEF8733E0CB496A71 /* DTC */ = {
			isa = PBXGroup;
			children = (
				34FF539366970F992FEA4F16 /* DTCDecoderView.swift */,
			);
			path = DTC;
			sourceTree = "<group>";
		};
		6CE9A45E09C3F09EAAD88C28 /* DigitalTwin */ = {
			isa = PBXGroup;
			children = (
				BAFCAE8AD4AAF63EE59F028B /* CarDigitalTwinView.swift */,
			);
			path = DigitalTwin;
			sourceTree = "<group>";
		};
		B8ECE7CD5FF16DAC77614F8B /* Fuel */ = {
			isa = PBXGroup;
			children = (
				5F1442DAF46D38753E1282CB /* FuelCalculatorView.swift */,
			);
			path = Fuel;
			sourceTree = "<group>";
		};
		7C644E8D58F03474D73A32D6 /* Health */ = {
			isa = PBXGroup;
			children = (
				3EB239BFF763F7FF8DE9D88C /* CarAnimationView.swift */,
				0174956FC8DB8ADDFFD07CDA /* HealthScoreView.swift */,
				BEF19BF3897D795EBD6BEF41 /* HealthWidgetView.swift */,
				4D67EC802891411BB4A5F05A /* MaintenanceAlarmsView.swift */,
				3D2DEF7E30737BA95E4BE95E /* ShakeDiagnoseView.swift */,
			);
			path = Health;
			sourceTree = "<group>";
		};
		3EBB0B9752973EC9694F6903 /* History */ = {
			isa = PBXGroup;
			children = (
				3B677AC1E9C832D35D0E61CF /* DiagnosticHistoryView.swift */,
			);
			path = History;
			sourceTree = "<group>";
		};
		992F35BEFCA30C5098725895 /* ITP */ = {
			isa = PBXGroup;
			children = (
				913B2D1239B4F2BA6740A1AD /* ITPRadarView.swift */,
			);
			path = ITP;
			sourceTree = "<group>";
		};
		66F5809D658F83AB4D2BE9C6 /* Insurance */ = {
			isa = PBXGroup;
			children = (
				CEA0A99AD766305978502CE2 /* RCAComparatorView.swift */,
			);
			path = Insurance;
			sourceTree = "<group>";
		};
		ABED7C1F19380E145A180B9E /* Journal */ = {
			isa = PBXGroup;
			children = (
				73242D08C3271EA20449ABFB /* VehicleJournalView.swift */,
			);
			path = Journal;
			sourceTree = "<group>";
		};
		3D38651A8828EAA02742920B /* Legal */ = {
			isa = PBXGroup;
			children = (
				AB92BBED2277E9D1CF072F0F /* LegalRadarView.swift */,
			);
			path = Legal;
			sourceTree = "<group>";
		};
		3E7B37965207958D246315D9 /* Live */ = {
			isa = PBXGroup;
			children = (
				E1F3F2308F8EB50964F5F09D /* EnhancedOBDView.swift */,
				BE387BBE25DD3337E6D2B816 /* LiveDashboardView.swift */,
			);
			path = Live;
			sourceTree = "<group>";
		};
		BBD1DC07A8D4291F4EF245FA /* Main */ = {
			isa = PBXGroup;
			children = (
				B34E5D91B4AA0A1052D6D401 /* MainTabView.swift */,
				B6B878ECB797279DF65954A3 /* MoreMenuView.swift */,
			);
			path = Main;
			sourceTree = "<group>";
		};
		BA97A4AC27D5F9D1325C5083 /* Map */ = {
			isa = PBXGroup;
			children = (
				A240DA312653E3CED553E4EB /* ServiceMapView.swift */,
			);
			path = Map;
			sourceTree = "<group>";
		};
		BEC177B67F561ADA03152FD6 /* Marketplace */ = {
			isa = PBXGroup;
			children = (
				392A77F338D8F8ED66B78F90 /* ServiceMarketplaceView.swift */,
			);
			path = Marketplace;
			sourceTree = "<group>";
		};
		02B6071172BF914AADD5FDDB /* Onboarding */ = {
			isa = PBXGroup;
			children = (
				6A7792EA3C6A441E319B8AE3 /* OnboardingView.swift */,
			);
			path = Onboarding;
			sourceTree = "<group>";
		};
		EF557112BE5C81A74548F91A /* Predictions */ = {
			isa = PBXGroup;
			children = (
				E56E9840053D811AA4309EAF /* FailurePredictorView.swift */,
			);
			path = Predictions;
			sourceTree = "<group>";
		};
		3D24B7152FD7C28B89EDA729 /* Privacy */ = {
			isa = PBXGroup;
			children = (
				1222EC30CB06C5C1360F41E9 /* PrivacyTermsView.swift */,
			);
			path = Privacy;
			sourceTree = "<group>";
		};
		371591AE51E9034BDAA4955C /* Purchase */ = {
			isa = PBXGroup;
			children = (
				6D135229FCC4ABC5E090BCB6 /* InAppPurchaseView.swift */,
			);
			path = Purchase;
			sourceTree = "<group>";
		};
		098A628429A18FAA57050366 /* Recall */ = {
			isa = PBXGroup;
			children = (
				1C3D242F8C4A04EB489834C0 /* RecallCampaignsView.swift */,
			);
			path = Recall;
			sourceTree = "<group>";
		};
		900C9DF1DFF79803F6989444 /* Scan */ = {
			isa = PBXGroup;
			children = (
				B92B8BD9208AC3BB9385DF5E /* ScanView.swift */,
			);
			path = Scan;
			sourceTree = "<group>";
		};
		C4991B01ADCCFA879B01ED5A /* Service */ = {
			isa = PBXGroup;
			children = (
				83EE9384AE885E7C53154A0D /* ServiceCalendarView.swift */,
			);
			path = Service;
			sourceTree = "<group>";
		};
		4F60404FBFDF40A2513E2919 /* Settings */ = {
			isa = PBXGroup;
			children = (
				BBEE328E8CEAF65ABE613293 /* AppStoreScreenshotsView.swift */,
			);
			path = Settings;
			sourceTree = "<group>";
		};
		CD230AEE6FC5D93E81A62388 /* Share */ = {
			isa = PBXGroup;
			children = (
				6B9D93855D360C3B9E780B08 /* ShareVehicleReportView.swift */,
			);
			path = Share;
			sourceTree = "<group>";
		};
		FECF9BEF2B7D9F5F97164536 /* Shared */ = {
			isa = PBXGroup;
			children = (
				54E562802D6E2E7CBC5F1CCC /* ImagePickerView.swift */,
			);
			path = Shared;
			sourceTree = "<group>";
		};
		20ABA6387F8CA7819205BE35 /* Siri */ = {
			isa = PBXGroup;
			children = (
				BE5FDF08DE6DC0AF848C9234 /* SiriShortcutsView.swift */,
			);
			path = Siri;
			sourceTree = "<group>";
		};
		DF40D4E9EDEF40EF8081C87A /* Sound */ = {
			isa = PBXGroup;
			children = (
				ED0CA2244A46EC579C8C30E1 /* EngineSoundAnalysisView.swift */,
			);
			path = Sound;
			sourceTree = "<group>";
		};
		2367655B78D4445E601CE396 /* Trust */ = {
			isa = PBXGroup;
			children = (
				6101847D68BEA9EE4B4A8C9A /* MechanicTrustView.swift */,
			);
			path = Trust;
			sourceTree = "<group>";
		};
		A9F01AD8D4F533E300E55E05 /* VIN */ = {
			isa = PBXGroup;
			children = (
				82C5EEB95EBB24BFB71F2642 /* VINAutoSetupView.swift */,
				A7FEEE79AE7E227E4293A016 /* VINScanView.swift */,
			);
			path = VIN;
			sourceTree = "<group>";
		};
		E4B169624CB4DA60D87DE3E8 /* Valuation */ = {
			isa = PBXGroup;
			children = (
				57258B347980D4075B40DE13 /* CarValuationView.swift */,
			);
			path = Valuation;
			sourceTree = "<group>";
		};
		08637BD50B7AA44C4DFF32F1 /* Voice */ = {
			isa = PBXGroup;
			children = (
				155D1ECF3BEF8E51C890E623 /* VoiceDiagnosticView.swift */,
			);
			path = Voice;
			sourceTree = "<group>";
		};
		8E259E643EC4B592C61DBDC6 /* Watch */ = {
			isa = PBXGroup;
			children = (
				859B39173D4C0378186791A6 /* WatchPreviewView.swift */,
			);
			path = Watch;
			sourceTree = "<group>";
		};
/* End PBXGroup section */

/* Begin PBXNativeTarget section */
		059A35C374662B950A562485 /* AutoDiagPro */ = {
			isa = PBXNativeTarget;
			buildConfigurationList = 2857F3DA31A2E77D5F204763 /* Build configuration list for PBXNativeTarget "AutoDiagPro" */;
			buildPhases = (
				65FA6119905E087A5E53253D /* Sources */,
				A6E8E7DF88D31078DBF4E18B /* Frameworks */,
				7997A58CB6F97DD5FFDE7900 /* Resources */,
			);
			buildRules = (
			);
			dependencies = (
			);
			name = AutoDiagPro;
			productName = AutoDiagPro;
			productReference = 87BC7CEB437BD96C7B75F7DA /* AutoDiagPro.app */;
			productType = "com.apple.product-type.application";
		};
/* End PBXNativeTarget section */

/* Begin PBXProject section */
		5299AC4324DC18342A8CCD96 /* Project object */ = {
			isa = PBXProject;
			buildConfigurationList = FE422E61AE992D05BC2E14C2 /* Build configuration list for PBXProject "AutoDiagPro" */;
			compatibilityVersion = "Xcode 14.0";
			developmentRegion = ro;
			hasScannedForEncodings = 0;
			knownRegions = (
				ro,
				Base,
				en,
			);
			mainGroup = 71D2E56247FE75C3DCE9B609;
			productRefGroup = 9A76A62D587AD0C58292763F /* Products */;
			projectDirPath = "";
			projectRoot = "";
			targets = (
				059A35C374662B950A562485 /* AutoDiagPro */,
			);
		};
/* End PBXProject section */

/* Begin PBXResourcesBuildPhase section */
		7997A58CB6F97DD5FFDE7900 /* Resources */ = {
			isa = PBXResourcesBuildPhase;
			buildActionMask = 2147483647;
			files = (
				99812033B8BD7CDC0C7E876A /* Assets.xcassets in Resources */,
			);
			runOnlyForDeploymentPostprocessing = 0;
		};
/* End PBXResourcesBuildPhase section */

/* Begin PBXSourcesBuildPhase section */
		65FA6119905E087A5E53253D /* Sources */ = {
			isa = PBXSourcesBuildPhase;
			buildActionMask = 2147483647;
			files = (
				63F2B380930A9B8634D4F2A2 /* AutoDiagProApp.swift in Sources */,
				13D12041A122B575E596E2D4 /* ChatMessage.swift in Sources */,
				EE217094E1DFA42F2C275A47 /* CostEstimate.swift in Sources */,
				AA2340E6AA8F4F87835C4604 /* Diagnostic.swift in Sources */,
				2AF825134E24E76CFFD794FE /* EuropeanCountry.swift in Sources */,
				05C5033EDDF517057021AEA8 /* HealthScore.swift in Sources */,
				7DB23AB52FCCAEC05F4B4FED /* JournalEntry.swift in Sources */,
				4858A656B5E8203C761DC1E4 /* OBDData.swift in Sources */,
				125A31C641F35BCBEFC74A54 /* ServiceItem.swift in Sources */,
				43A1F97DB17A6B2C4C1948E0 /* ServiceLocation.swift in Sources */,
				B27611F849B52E266DB24A4A /* Vehicle.swift in Sources */,
				3571BA7FE0033F824ADD03DA /* AnalyticsManager.swift in Sources */,
				3E485FCDB092D7C009F47467 /* AuthenticationManager.swift in Sources */,
				800A6C88CAE3F533DB44F766 /* CloudSyncManager.swift in Sources */,
				A56816628CED63B358DCD4A0 /* LocalizationManager.swift in Sources */,
				D8155B4F4B178BFB2A3E65F0 /* LocationManager.swift in Sources */,
				C503713FE85B08AAC846DCEA /* MaintenanceAlarmManager.swift in Sources */,
				EF24A7202DF52138B9443453 /* NightModeManager.swift in Sources */,
				6B90EACB5EECD789D75A151C /* NotificationManager.swift in Sources */,
				37A947383389877490B85DD0 /* OBD2BluetoothManager.swift in Sources */,
				FB00BC49A243AB2EF5558093 /* PDFExportManager.swift in Sources */,
				D6719304149D3590D7047957 /* SpeechRecognitionManager.swift in Sources */,
				6840C7CE9342BCE798BA054A /* VehicleManager.swift in Sources */,
				5E583FF75EE4288CC0F4236B /* AppState.swift in Sources */,
				A96CBBC06753213A3553AE60 /* Extensions.swift in Sources */,
				78C447F84B87D864A733A55C /* Theme.swift in Sources */,
				B67F46FB9610FAED3CE921B0 /* EuropeanAIDataView.swift in Sources */,
				7EFB9F8D546CE0E09A0D2981 /* ARDiagnosticView.swift in Sources */,
				A536102E9DD14F62014EA0BB /* ARRepairGuideView.swift in Sources */,
				1C8D44DE256FB49EE5D607B8 /* QRPartScannerView.swift in Sources */,
				474F417D46C9C1BF7EAF5EC5 /* CameraPreviewView.swift in Sources */,
				C320611A252AD2A059921CFD /* CarCVView.swift in Sources */,
				64C7B8D11BFD33FAD88D5597 /* CarPlayPreviewView.swift in Sources */,
				43602724219F7CAF7FDF59A1 /* EnhancedAIChatView.swift in Sources */,
				1E603C549378FA294FDB1EA9 /* MechanicChatView.swift in Sources */,
				6650CF87B42F105B89162FE3 /* CostComparatorView.swift in Sources */,
				63D1E358207EDC2B6D3B9FB3 /* CostEstimatorView.swift in Sources */,
				4A0DC1C2708068DBD866B783 /* MultiCountryConfigView.swift in Sources */,
				39BCA223B90974FC74338F8D /* DTCDecoderView.swift in Sources */,
				3F8BDB4C9E47B8AFC971E585 /* CarDigitalTwinView.swift in Sources */,
				87CD84641E12E2C6E9488ED8 /* FuelCalculatorView.swift in Sources */,
				94DCC941722FD44EB9EA04FA /* CarAnimationView.swift in Sources */,
				DA623FA04D58CAC86751FCB6 /* HealthScoreView.swift in Sources */,
				25785404A89BC84791C7D032 /* HealthWidgetView.swift in Sources */,
				E3CD59A00088C0E616429129 /* MaintenanceAlarmsView.swift in Sources */,
				426545AA69BCDE44ECDCE7F6 /* ShakeDiagnoseView.swift in Sources */,
				D04287B3CAF62A16EA672D7E /* DiagnosticHistoryView.swift in Sources */,
				1EBFF16E66383F633D3D44D9 /* ITPRadarView.swift in Sources */,
				B7D3A475D1A62A013BF14EC0 /* RCAComparatorView.swift in Sources */,
				7ED40B10EE441E1DA97D268D /* VehicleJournalView.swift in Sources */,
				77FA38DBB468531502E583F1 /* LegalRadarView.swift in Sources */,
				3A4EC5852FD7063B063F0B32 /* EnhancedOBDView.swift in Sources */,
				298F51BEAB40E0B5A715767F /* LiveDashboardView.swift in Sources */,
				5428D495174F4FA12663109E /* MainTabView.swift in Sources */,
				45E6656F0AEAB34F2465A174 /* MoreMenuView.swift in Sources */,
				9B719890146C60980B355F79 /* ServiceMapView.swift in Sources */,
				767F972F98B70FA2EA15A31E /* ServiceMarketplaceView.swift in Sources */,
				7AE902B3D95518F37DDFD9A7 /* OnboardingView.swift in Sources */,
				3E22D5EE6F7C4E0367367D70 /* FailurePredictorView.swift in Sources */,
				3CFBDAF4B7374D56D13B696D /* PrivacyTermsView.swift in Sources */,
				84699EC5624104042D45EA6A /* InAppPurchaseView.swift in Sources */,
				0260441AF12D8AB2D80CDFE3 /* RecallCampaignsView.swift in Sources */,
				BBA098CD7E2E4AFA0FD49A30 /* ScanView.swift in Sources */,
				1CDC61A058A5714F9F0D91DE /* ServiceCalendarView.swift in Sources */,
				26A8A0F7C2112F57F903BF8B /* AppStoreScreenshotsView.swift in Sources */,
				A05DA8594D97D328A1D31F4B /* ShareVehicleReportView.swift in Sources */,
				709A96BA540D8FD32908BCDC /* ImagePickerView.swift in Sources */,
				139E185F2383561E17BFA9A3 /* SiriShortcutsView.swift in Sources */,
				12826EDCFC41492825AEAFC4 /* EngineSoundAnalysisView.swift in Sources */,
				3228ECA4EB070506244E2DD9 /* MechanicTrustView.swift in Sources */,
				553265F0FE5F0B93CE5FCFFC /* VINAutoSetupView.swift in Sources */,
				DD77E7BBAB5C22FAD7FB17F7 /* VINScanView.swift in Sources */,
				C87E16375071E4987711AF9E /* CarValuationView.swift in Sources */,
				B1AA1F4D456FEA7D45DEEC06 /* VoiceDiagnosticView.swift in Sources */,
				B56D19AE14565A582270B0A5 /* WatchPreviewView.swift in Sources */,
			);
			runOnlyForDeploymentPostprocessing = 0;
		};
/* End PBXSourcesBuildPhase section */

/* Begin XCBuildConfiguration section */
		AAEA14000790462964F89243 /* Debug */ = {
			isa = XCBuildConfiguration;
			buildSettings = {
				ALWAYS_SEARCH_USER_PATHS = NO;
				CLANG_ANALYZER_NONNULL = YES;
				CLANG_ANALYZER_NUMBER_OBJECT_CONVERSION = YES_AGGRESSIVE;
				CLANG_CXX_LANGUAGE_STANDARD = "gnu++20";
				CLANG_ENABLE_MODULES = YES;
				CLANG_ENABLE_OBJC_ARC = YES;
				CLANG_ENABLE_OBJC_WEAK = YES;
				CLANG_WARN_BLOCK_CAPTURE_AUTORELEASING = YES;
				CLANG_WARN_BOOL_CONVERSION = YES;
				CLANG_WARN_COMMA = YES;
				CLANG_WARN_CONSTANT_CONVERSION = YES;
				CLANG_WARN_DEPRECATED_OBJC_IMPLEMENTATIONS = YES;
				CLANG_WARN_DIRECT_OBJC_ISA_USAGE = YES_ERROR;
				CLANG_WARN_DOCUMENTATION_COMMENTS = YES;
				CLANG_WARN_EMPTY_BODY = YES;
				CLANG_WARN_ENUM_CONVERSION = YES;
				CLANG_WARN_INFINITE_RECURSION = YES;
				CLANG_WARN_INT_CONVERSION = YES;
				CLANG_WARN_NON_LITERAL_NULL_CONVERSION = YES;
				CLANG_WARN_OBJC_IMPLICIT_RETAIN_SELF = YES;
				CLANG_WARN_OBJC_LITERAL_CONVERSION = YES;
				CLANG_WARN_OBJC_ROOT_CLASS = YES_ERROR;
				CLANG_WARN_QUOTED_INCLUDE_IN_FRAMEWORK_HEADER = YES;
				CLANG_WARN_RANGE_LOOP_ANALYSIS = YES;
				CLANG_WARN_STRICT_PROTOTYPES = YES;
				CLANG_WARN_SUSPICIOUS_MOVE = YES;
				CLANG_WARN_UNGUARDED_AVAILABILITY = YES_AGGRESSIVE;
				CLANG_WARN_UNREACHABLE_CODE = YES;
				CLANG_WARN__DUPLICATE_METHOD_MATCH = YES;
				COPY_PHASE_STRIP = NO;
				DEBUG_INFORMATION_FORMAT = dwarf;
				ENABLE_STRICT_OBJC_MSGSEND = YES;
				ENABLE_TESTABILITY = YES;
				GCC_C_LANGUAGE_STANDARD = gnu11;
				GCC_DYNAMIC_NO_PIC = NO;
				GCC_NO_COMMON_BLOCKS = YES;
				GCC_OPTIMIZATION_LEVEL = 0;
				GCC_PREPROCESSOR_DEFINITIONS = (
					"DEBUG=1",
					"$(inherited)",
				);
				GCC_WARN_64_TO_32_BIT_CONVERSION = YES;
				GCC_WARN_ABOUT_RETURN_TYPE = YES_ERROR;
				GCC_WARN_UNDECLARED_SELECTOR = YES;
				GCC_WARN_UNINITIALIZED_AUTOS = YES_AGGRESSIVE;
				GCC_WARN_UNUSED_FUNCTION = YES;
				GCC_WARN_UNUSED_VARIABLE = YES;
				IPHONEOS_DEPLOYMENT_TARGET = 16.0;
				MTL_ENABLE_DEBUG_INFO = INCLUDE_SOURCE;
				MTL_FAST_MATH = YES;
				ONLY_ACTIVE_ARCH = YES;
				SDKROOT = iphoneos;
				SWIFT_ACTIVE_COMPILATION_CONDITIONS = DEBUG;
				SWIFT_OPTIMIZATION_LEVEL = "-Onone";
			};
			name = Debug;
		};
		555260E2B9879D6B41B034DF /* Release */ = {
			isa = XCBuildConfiguration;
			buildSettings = {
				ALWAYS_SEARCH_USER_PATHS = NO;
				CLANG_ANALYZER_NONNULL = YES;
				CLANG_ANALYZER_NUMBER_OBJECT_CONVERSION = YES_AGGRESSIVE;
				CLANG_CXX_LANGUAGE_STANDARD = "gnu++20";
				CLANG_ENABLE_MODULES = YES;
				CLANG_ENABLE_OBJC_ARC = YES;
				CLANG_ENABLE_OBJC_WEAK = YES;
				CLANG_WARN_BLOCK_CAPTURE_AUTORELEASING = YES;
				CLANG_WARN_BOOL_CONVERSION = YES;
				CLANG_WARN_COMMA = YES;
				CLANG_WARN_CONSTANT_CONVERSION = YES;
				CLANG_WARN_DEPRECATED_OBJC_IMPLEMENTATIONS = YES;
				CLANG_WARN_DIRECT_OBJC_ISA_USAGE = YES_ERROR;
				CLANG_WARN_DOCUMENTATION_COMMENTS = YES;
				CLANG_WARN_EMPTY_BODY = YES;
				CLANG_WARN_ENUM_CONVERSION = YES;
				CLANG_WARN_INFINITE_RECURSION = YES;
				CLANG_WARN_INT_CONVERSION = YES;
				CLANG_WARN_NON_LITERAL_NULL_CONVERSION = YES;
				CLANG_WARN_OBJC_IMPLICIT_RETAIN_SELF = YES;
				CLANG_WARN_OBJC_LITERAL_CONVERSION = YES;
				CLANG_WARN_OBJC_ROOT_CLASS = YES_ERROR;
				CLANG_WARN_QUOTED_INCLUDE_IN_FRAMEWORK_HEADER = YES;
				CLANG_WARN_RANGE_LOOP_ANALYSIS = YES;
				CLANG_WARN_STRICT_PROTOTYPES = YES;
				CLANG_WARN_SUSPICIOUS_MOVE = YES;
				CLANG_WARN_UNGUARDED_AVAILABILITY = YES_AGGRESSIVE;
				CLANG_WARN_UNREACHABLE_CODE = YES;
				CLANG_WARN__DUPLICATE_METHOD_MATCH = YES;
				COPY_PHASE_STRIP = NO;
				DEBUG_INFORMATION_FORMAT = "dwarf-with-dsym";
				ENABLE_NS_ASSERTIONS = NO;
				ENABLE_STRICT_OBJC_MSGSEND = YES;
				GCC_C_LANGUAGE_STANDARD = gnu11;
				GCC_NO_COMMON_BLOCKS = YES;
				GCC_WARN_64_TO_32_BIT_CONVERSION = YES;
				GCC_WARN_ABOUT_RETURN_TYPE = YES_ERROR;
				GCC_WARN_UNDECLARED_SELECTOR = YES;
				GCC_WARN_UNINITIALIZED_AUTOS = YES_AGGRESSIVE;
				GCC_WARN_UNUSED_FUNCTION = YES;
				GCC_WARN_UNUSED_VARIABLE = YES;
				IPHONEOS_DEPLOYMENT_TARGET = 16.0;
				MTL_ENABLE_DEBUG_INFO = NO;
				MTL_FAST_MATH = YES;
				SDKROOT = iphoneos;
				SWIFT_COMPILATION_MODE = wholemodule;
				SWIFT_OPTIMIZATION_LEVEL = "-O";
				VALIDATE_PRODUCT = YES;
			};
			name = Release;
		};
		386F21FB6CCFBF3FBFDA1CC3 /* Debug */ = {
			isa = XCBuildConfiguration;
			buildSettings = {
				ASSETCATALOG_COMPILER_APPICON_NAME = AppIcon;
				ASSETCATALOG_COMPILER_GLOBAL_ACCENT_COLOR_NAME = AccentColor;
				CODE_SIGN_STYLE = Automatic;
				CURRENT_PROJECT_VERSION = 1;
				DEVELOPMENT_ASSET_PATHS = "";
				ENABLE_PREVIEWS = YES;
				GENERATE_INFOPLIST_FILE = NO;
				INFOPLIST_FILE = AutoDiagPro/Info.plist;
				INFOPLIST_KEY_CFBundleDisplayName = "AutoDiag Pro";
				INFOPLIST_KEY_LSApplicationCategoryType = "public.app-category.utilities";
				INFOPLIST_KEY_UIApplicationSceneManifest_Generation = YES;
				INFOPLIST_KEY_UIApplicationSupportsIndirectInputEvents = YES;
				INFOPLIST_KEY_UILaunchScreen_Generation = YES;
				INFOPLIST_KEY_UISupportedInterfaceOrientations_iPad = "UIInterfaceOrientationPortrait UIInterfaceOrientationPortraitUpsideDown UIInterfaceOrientationLandscapeLeft UIInterfaceOrientationLandscapeRight";
				INFOPLIST_KEY_UISupportedInterfaceOrientations_iPhone = "UIInterfaceOrientationPortrait UIInterfaceOrientationLandscapeLeft UIInterfaceOrientationLandscapeRight";
				LD_RUNPATH_SEARCH_PATHS = (
					"$(inherited)",
					"@executable_path/Frameworks",
				);
				MARKETING_VERSION = 1.0;
				PRODUCT_BUNDLE_IDENTIFIER = com.autodiagpro.app;
				PRODUCT_NAME = "$(TARGET_NAME)";
				SWIFT_EMIT_LOC_STRINGS = YES;
				SWIFT_VERSION = 5.0;
				TARGETED_DEVICE_FAMILY = "1,2";
			};
			name = Debug;
		};
		99EA497894306B9F39FE5709 /* Release */ = {
			isa = XCBuildConfiguration;
			buildSettings = {
				ASSETCATALOG_COMPILER_APPICON_NAME = AppIcon;
				ASSETCATALOG_COMPILER_GLOBAL_ACCENT_COLOR_NAME = AccentColor;
				CODE_SIGN_STYLE = Automatic;
				CURRENT_PROJECT_VERSION = 1;
				DEVELOPMENT_ASSET_PATHS = "";
				ENABLE_PREVIEWS = YES;
				GENERATE_INFOPLIST_FILE = NO;
				INFOPLIST_FILE = AutoDiagPro/Info.plist;
				INFOPLIST_KEY_CFBundleDisplayName = "AutoDiag Pro";
				INFOPLIST_KEY_LSApplicationCategoryType = "public.app-category.utilities";
				INFOPLIST_KEY_UIApplicationSceneManifest_Generation = YES;
				INFOPLIST_KEY_UIApplicationSupportsIndirectInputEvents = YES;
				INFOPLIST_KEY_UILaunchScreen_Generation = YES;
				INFOPLIST_KEY_UISupportedInterfaceOrientations_iPad = "UIInterfaceOrientationPortrait UIInterfaceOrientationPortraitUpsideDown UIInterfaceOrientationLandscapeLeft UIInterfaceOrientationLandscapeRight";
				INFOPLIST_KEY_UISupportedInterfaceOrientations_iPhone = "UIInterfaceOrientationPortrait UIInterfaceOrientationLandscapeLeft UIInterfaceOrientationLandscapeRight";
				LD_RUNPATH_SEARCH_PATHS = (
					"$(inherited)",
					"@executable_path/Frameworks",
				);
				MARKETING_VERSION = 1.0;
				PRODUCT_BUNDLE_IDENTIFIER = com.autodiagpro.app;
				PRODUCT_NAME = "$(TARGET_NAME)";
				SWIFT_EMIT_LOC_STRINGS = YES;
				SWIFT_VERSION = 5.0;
				TARGETED_DEVICE_FAMILY = "1,2";
			};
			name = Release;
		};
/* End XCBuildConfiguration section */

/* Begin XCConfigurationList section */
		FE422E61AE992D05BC2E14C2 /* Build configuration list for PBXProject "AutoDiagPro" */ = {
			isa = XCConfigurationList;
			buildConfigurations = (
				AAEA14000790462964F89243 /* Debug */,
				555260E2B9879D6B41B034DF /* Release */,
			);
			defaultConfigurationIsVisible = 0;
			defaultConfigurationName = Release;
		};
		2857F3DA31A2E77D5F204763 /* Build configuration list for PBXNativeTarget "AutoDiagPro" */ = {
			isa = XCConfigurationList;
			buildConfigurations = (
				386F21FB6CCFBF3FBFDA1CC3 /* Debug */,
				99EA497894306B9F39FE5709 /* Release */,
			);
			defaultConfigurationIsVisible = 0;
			defaultConfigurationName = Release;
		};
/* End XCConfigurationList section */

	};
	rootObject = 5299AC4324DC18342A8CCD96 /* Project object */;
}
