// !$*UTF8*$!
{
	archiveVersion = 1;
	classes = {
	};
	objectVersion = 56;
	objects = {

/* Begin PBXBuildFile section */
		B9ECD8790D7B03C40B9473A7 /* AutoDiagProApp.swift in Sources */ = {isa = PBXBuildFile; fileRef = 77FE652989E9B53A33D16B8F; };
		2C5E007E5A575E194AE81977 /* Vehicle.swift in Sources */ = {isa = PBXBuildFile; fileRef = 5635ED88691CD52AEA012462; };
		7E9B908BC2F695D2CC0F5A13 /* Diagnostic.swift in Sources */ = {isa = PBXBuildFile; fileRef = F798E74E95BAB90B31F95370; };
		9ADFE97EF6FA0216DCE20D11 /* ServiceItem.swift in Sources */ = {isa = PBXBuildFile; fileRef = 66A999DF1F42367AC2B0AE73; };
		7747FC8C9837632F73C1AB26 /* CostEstimate.swift in Sources */ = {isa = PBXBuildFile; fileRef = 8879CAE35723FC79CFE5337D; };
		7B217081A987733474C9454F /* OBDData.swift in Sources */ = {isa = PBXBuildFile; fileRef = 9F607DD755FB618DC705AE6B; };
		CFD1FF49482F046D25C02EAC /* ChatMessage.swift in Sources */ = {isa = PBXBuildFile; fileRef = 43F0AEEF5CEE601D9DEF7027; };
		9D64079D4292661683F03717 /* VehicleManager.swift in Sources */ = {isa = PBXBuildFile; fileRef = 11E49637FA00E8E2BACB0CCA; };
		6F44655F01640AE2DB4D58FF /* SpeechRecognitionManager.swift in Sources */ = {isa = PBXBuildFile; fileRef = 52B20E51DD84128A24DC29ED; };
		52FF3627B5679926A3A36599 /* OBD2BluetoothManager.swift in Sources */ = {isa = PBXBuildFile; fileRef = 27D06477771915363950D0E9; };
		D169E594807B735C5FD6C90C /* AppState.swift in Sources */ = {isa = PBXBuildFile; fileRef = 4CE411EB52090252C83B052B; };
		6E011219F7C621C79E5AF758 /* Extensions.swift in Sources */ = {isa = PBXBuildFile; fileRef = 28B3FE4E73E7897AEA325B84; };
		F7B2DCAF5F66CE5992ED801E /* Theme.swift in Sources */ = {isa = PBXBuildFile; fileRef = CE1349ECE129CB99ADC06EDB; };
		DC9F32DA0225AA6FE5806FD9 /* MainTabView.swift in Sources */ = {isa = PBXBuildFile; fileRef = 94B7FCAAED96EBFCCB8AEA99; };
		926677A03C1DCE671F229EB0 /* ScanView.swift in Sources */ = {isa = PBXBuildFile; fileRef = 266B4734CF8F0F11172DD62E; };
		9C828714BDF8C43D22C5DDC3 /* VINScanView.swift in Sources */ = {isa = PBXBuildFile; fileRef = 16AD5892EBC852359B09D316; };
		0B30FEE659319A33EF1531F3 /* ServiceCalendarView.swift in Sources */ = {isa = PBXBuildFile; fileRef = 0FD5969A3C499CFB307EF096; };
		37E018F993A9EEDC14C6D79A /* CostEstimatorView.swift in Sources */ = {isa = PBXBuildFile; fileRef = 26731134F97B48DBE9978242; };
		5854D7E555484C29AB5EF507 /* LiveDashboardView.swift in Sources */ = {isa = PBXBuildFile; fileRef = 526F84A86BE7844EC28576C4; };
		92517CF614CD584E79EFB21A /* VoiceDiagnosticView.swift in Sources */ = {isa = PBXBuildFile; fileRef = 3874B7F40FEE64665B4065FB; };
		0D6C221E3D56B2DDB39FC7BF /* MechanicChatView.swift in Sources */ = {isa = PBXBuildFile; fileRef = 3770A9E69786BC180759BA5F; };
		EE4C030FE4EF6B54E7B5B9B3 /* ImagePickerView.swift in Sources */ = {isa = PBXBuildFile; fileRef = 02A703DA5998F0588DA3D154; };
		825EE232CDA1398273789CC9 /* Assets.xcassets in Resources */ = {isa = PBXBuildFile; fileRef = 17BD25A0F7E3204088DB9FE7; };
		03B7D81C76D583C2060F3DF2 /* HealthScore.swift in Sources */ = {isa = PBXBuildFile; fileRef = 3CD3B589F48155F85CEF634C; };
		70D2AC0EC002BB902CD27FF6 /* JournalEntry.swift in Sources */ = {isa = PBXBuildFile; fileRef = DDDB3FA1466E42973C1BD2AE; };
		DE42D867A305313FCC28281A /* ServiceLocation.swift in Sources */ = {isa = PBXBuildFile; fileRef = 3F6BC13CC734E520F85FB5B2; };
		E55AE74C03AD3DFFC338F26F /* MaintenanceAlarmManager.swift in Sources */ = {isa = PBXBuildFile; fileRef = D279922C1401931CFA4D0954; };
		53246608B59239185BCE660C /* NightModeManager.swift in Sources */ = {isa = PBXBuildFile; fileRef = EA57A9CC0EF9531D3DB64F16; };
		8073DE5B75C02A7632651091 /* PDFExportManager.swift in Sources */ = {isa = PBXBuildFile; fileRef = 42FF6ABA40B111D08FFF3B6C; };
		6168C13738703A86BDBF504F /* HealthScoreView.swift in Sources */ = {isa = PBXBuildFile; fileRef = AB588935285A14038EF9F9DA; };
		DD33E9D43A6D7B5D06B98B42 /* DiagnosticHistoryView.swift in Sources */ = {isa = PBXBuildFile; fileRef = F5CD6E387EBA901D9ECA1D70; };
		704944F3316A01A6325B27CE /* VehicleJournalView.swift in Sources */ = {isa = PBXBuildFile; fileRef = AB4F6263A0F2E17A29430813; };
		A0AB3B3CFCF6977DA6F2F52A /* MaintenanceAlarmsView.swift in Sources */ = {isa = PBXBuildFile; fileRef = FA82578F27B899B75F3C51D0; };
		BCCA5327BED3E870C5F32FB5 /* CarAnimationView.swift in Sources */ = {isa = PBXBuildFile; fileRef = D4B89C484AB5F8DA4E27350E; };
		F3F2F83498F2AB5B9C3C1349 /* HealthWidgetView.swift in Sources */ = {isa = PBXBuildFile; fileRef = B195B9A688F8B1A2DA7C2E6F; };
		87FB1D6FAB23479D8E97B5F3 /* ShakeDiagnoseView.swift in Sources */ = {isa = PBXBuildFile; fileRef = 3EACCB227AB418316386CBDE; };
		C82E55249439C1270677099A /* CostComparatorView.swift in Sources */ = {isa = PBXBuildFile; fileRef = ADA917E419C3AE112ACD1506; };
		845A9B15D573A487404B46A4 /* ServiceMapView.swift in Sources */ = {isa = PBXBuildFile; fileRef = DB6A69A507FA74B99E6158B8; };
		DB66A83B26C14EA193310B6E /* EngineSoundAnalysisView.swift in Sources */ = {isa = PBXBuildFile; fileRef = CADD17DDA952A614910FE3B2; };
		43670D616FAB779EBF6CCD1B /* MoreMenuView.swift in Sources */ = {isa = PBXBuildFile; fileRef = 128507A7D8C047D74ECD5482; };
		A1B2C3D4E5F60718293A4B5C /* ARDiagnosticView.swift in Sources */ = {isa = PBXBuildFile; fileRef = 1A2B3C4D5E6F07182930A1B2; };
		B2C3D4E5F6071829A3B4C5D6 /* QRPartScannerView.swift in Sources */ = {isa = PBXBuildFile; fileRef = 2B3C4D5E6F07182930A1B2C3; };
/* End PBXBuildFile section */

/* Begin PBXFileReference section */
		77FE652989E9B53A33D16B8F /* AutoDiagProApp.swift */ = {isa = PBXFileReference; lastKnownFileType = sourcecode.swift; path = AutoDiagProApp.swift; sourceTree = "<group>"; };
		5635ED88691CD52AEA012462 /* Vehicle.swift */ = {isa = PBXFileReference; lastKnownFileType = sourcecode.swift; path = Vehicle.swift; sourceTree = "<group>"; };
		F798E74E95BAB90B31F95370 /* Diagnostic.swift */ = {isa = PBXFileReference; lastKnownFileType = sourcecode.swift; path = Diagnostic.swift; sourceTree = "<group>"; };
		66A999DF1F42367AC2B0AE73 /* ServiceItem.swift */ = {isa = PBXFileReference; lastKnownFileType = sourcecode.swift; path = ServiceItem.swift; sourceTree = "<group>"; };
		8879CAE35723FC79CFE5337D /* CostEstimate.swift */ = {isa = PBXFileReference; lastKnownFileType = sourcecode.swift; path = CostEstimate.swift; sourceTree = "<group>"; };
		9F607DD755FB618DC705AE6B /* OBDData.swift */ = {isa = PBXFileReference; lastKnownFileType = sourcecode.swift; path = OBDData.swift; sourceTree = "<group>"; };
		43F0AEEF5CEE601D9DEF7027 /* ChatMessage.swift */ = {isa = PBXFileReference; lastKnownFileType = sourcecode.swift; path = ChatMessage.swift; sourceTree = "<group>"; };
		11E49637FA00E8E2BACB0CCA /* VehicleManager.swift */ = {isa = PBXFileReference; lastKnownFileType = sourcecode.swift; path = VehicleManager.swift; sourceTree = "<group>"; };
		52B20E51DD84128A24DC29ED /* SpeechRecognitionManager.swift */ = {isa = PBXFileReference; lastKnownFileType = sourcecode.swift; path = SpeechRecognitionManager.swift; sourceTree = "<group>"; };
		27D06477771915363950D0E9 /* OBD2BluetoothManager.swift */ = {isa = PBXFileReference; lastKnownFileType = sourcecode.swift; path = OBD2BluetoothManager.swift; sourceTree = "<group>"; };
		4CE411EB52090252C83B052B /* AppState.swift */ = {isa = PBXFileReference; lastKnownFileType = sourcecode.swift; path = AppState.swift; sourceTree = "<group>"; };
		28B3FE4E73E7897AEA325B84 /* Extensions.swift */ = {isa = PBXFileReference; lastKnownFileType = sourcecode.swift; path = Extensions.swift; sourceTree = "<group>"; };
		CE1349ECE129CB99ADC06EDB /* Theme.swift */ = {isa = PBXFileReference; lastKnownFileType = sourcecode.swift; path = Theme.swift; sourceTree = "<group>"; };
		94B7FCAAED96EBFCCB8AEA99 /* MainTabView.swift */ = {isa = PBXFileReference; lastKnownFileType = sourcecode.swift; path = MainTabView.swift; sourceTree = "<group>"; };
		266B4734CF8F0F11172DD62E /* ScanView.swift */ = {isa = PBXFileReference; lastKnownFileType = sourcecode.swift; path = ScanView.swift; sourceTree = "<group>"; };
		16AD5892EBC852359B09D316 /* VINScanView.swift */ = {isa = PBXFileReference; lastKnownFileType = sourcecode.swift; path = VINScanView.swift; sourceTree = "<group>"; };
		0FD5969A3C499CFB307EF096 /* ServiceCalendarView.swift */ = {isa = PBXFileReference; lastKnownFileType = sourcecode.swift; path = ServiceCalendarView.swift; sourceTree = "<group>"; };
		26731134F97B48DBE9978242 /* CostEstimatorView.swift */ = {isa = PBXFileReference; lastKnownFileType = sourcecode.swift; path = CostEstimatorView.swift; sourceTree = "<group>"; };
		526F84A86BE7844EC28576C4 /* LiveDashboardView.swift */ = {isa = PBXFileReference; lastKnownFileType = sourcecode.swift; path = LiveDashboardView.swift; sourceTree = "<group>"; };
		3874B7F40FEE64665B4065FB /* VoiceDiagnosticView.swift */ = {isa = PBXFileReference; lastKnownFileType = sourcecode.swift; path = VoiceDiagnosticView.swift; sourceTree = "<group>"; };
		3770A9E69786BC180759BA5F /* MechanicChatView.swift */ = {isa = PBXFileReference; lastKnownFileType = sourcecode.swift; path = MechanicChatView.swift; sourceTree = "<group>"; };
		02A703DA5998F0588DA3D154 /* ImagePickerView.swift */ = {isa = PBXFileReference; lastKnownFileType = sourcecode.swift; path = ImagePickerView.swift; sourceTree = "<group>"; };
		17BD25A0F7E3204088DB9FE7 /* Assets.xcassets */ = {isa = PBXFileReference; lastKnownFileType = folder.assetcatalog; path = Assets.xcassets; sourceTree = "<group>"; };
		69678153401C62EBDAC17B5D /* AutoDiagPro.app */ = {isa = PBXFileReference; explicitFileType = wrapper.application; includeInIndex = 0; path = AutoDiagPro.app; sourceTree = BUILT_PRODUCTS_DIR; };
		7D0971D95BD9AF663CF4FB17 /* Info.plist */ = {isa = PBXFileReference; lastKnownFileType = text.plist.xml; path = Info.plist; sourceTree = "<group>"; };
		3CD3B589F48155F85CEF634C /* HealthScore.swift */ = {isa = PBXFileReference; lastKnownFileType = sourcecode.swift; path = HealthScore.swift; sourceTree = "<group>"; };
		DDDB3FA1466E42973C1BD2AE /* JournalEntry.swift */ = {isa = PBXFileReference; lastKnownFileType = sourcecode.swift; path = JournalEntry.swift; sourceTree = "<group>"; };
		3F6BC13CC734E520F85FB5B2 /* ServiceLocation.swift */ = {isa = PBXFileReference; lastKnownFileType = sourcecode.swift; path = ServiceLocation.swift; sourceTree = "<group>"; };
		D279922C1401931CFA4D0954 /* MaintenanceAlarmManager.swift */ = {isa = PBXFileReference; lastKnownFileType = sourcecode.swift; path = MaintenanceAlarmManager.swift; sourceTree = "<group>"; };
		EA57A9CC0EF9531D3DB64F16 /* NightModeManager.swift */ = {isa = PBXFileReference; lastKnownFileType = sourcecode.swift; path = NightModeManager.swift; sourceTree = "<group>"; };
		42FF6ABA40B111D08FFF3B6C /* PDFExportManager.swift */ = {isa = PBXFileReference; lastKnownFileType = sourcecode.swift; path = PDFExportManager.swift; sourceTree = "<group>"; };
		AB588935285A14038EF9F9DA /* HealthScoreView.swift */ = {isa = PBXFileReference; lastKnownFileType = sourcecode.swift; path = HealthScoreView.swift; sourceTree = "<group>"; };
		F5CD6E387EBA901D9ECA1D70 /* DiagnosticHistoryView.swift */ = {isa = PBXFileReference; lastKnownFileType = sourcecode.swift; path = DiagnosticHistoryView.swift; sourceTree = "<group>"; };
		AB4F6263A0F2E17A29430813 /* VehicleJournalView.swift */ = {isa = PBXFileReference; lastKnownFileType = sourcecode.swift; path = VehicleJournalView.swift; sourceTree = "<group>"; };
		FA82578F27B899B75F3C51D0 /* MaintenanceAlarmsView.swift */ = {isa = PBXFileReference; lastKnownFileType = sourcecode.swift; path = MaintenanceAlarmsView.swift; sourceTree = "<group>"; };
		D4B89C484AB5F8DA4E27350E /* CarAnimationView.swift */ = {isa = PBXFileReference; lastKnownFileType = sourcecode.swift; path = CarAnimationView.swift; sourceTree = "<group>"; };
		B195B9A688F8B1A2DA7C2E6F /* HealthWidgetView.swift */ = {isa = PBXFileReference; lastKnownFileType = sourcecode.swift; path = HealthWidgetView.swift; sourceTree = "<group>"; };
		3EACCB227AB418316386CBDE /* ShakeDiagnoseView.swift */ = {isa = PBXFileReference; lastKnownFileType = sourcecode.swift; path = ShakeDiagnoseView.swift; sourceTree = "<group>"; };
		ADA917E419C3AE112ACD1506 /* CostComparatorView.swift */ = {isa = PBXFileReference; lastKnownFileType = sourcecode.swift; path = CostComparatorView.swift; sourceTree = "<group>"; };
		DB6A69A507FA74B99E6158B8 /* ServiceMapView.swift */ = {isa = PBXFileReference; lastKnownFileType = sourcecode.swift; path = ServiceMapView.swift; sourceTree = "<group>"; };
		CADD17DDA952A614910FE3B2 /* EngineSoundAnalysisView.swift */ = {isa = PBXFileReference; lastKnownFileType = sourcecode.swift; path = EngineSoundAnalysisView.swift; sourceTree = "<group>"; };
		128507A7D8C047D74ECD5482 /* MoreMenuView.swift */ = {isa = PBXFileReference; lastKnownFileType = sourcecode.swift; path = MoreMenuView.swift; sourceTree = "<group>"; };
		1A2B3C4D5E6F07182930A1B2 /* ARDiagnosticView.swift */ = {isa = PBXFileReference; lastKnownFileType = sourcecode.swift; path = ARDiagnosticView.swift; sourceTree = "<group>"; };
		2B3C4D5E6F07182930A1B2C3 /* QRPartScannerView.swift */ = {isa = PBXFileReference; lastKnownFileType = sourcecode.swift; path = QRPartScannerView.swift; sourceTree = "<group>"; };
/* End PBXFileReference section */

/* Begin PBXFrameworksBuildPhase section */
		7475EAE9FB42403057B23969 /* Frameworks */ = {
			isa = PBXFrameworksBuildPhase;
			buildActionMask = 2147483647;
			files = (
			);
			runOnlyForDeploymentPostprocessing = 0;
		};
/* End PBXFrameworksBuildPhase section */

/* Begin PBXGroup section */
		1B2C7A5D13AFA59187E975E9 = {
			isa = PBXGroup;
			children = (
				DD1788C3B430035E95F6EE3D /* AutoDiagPro */,
				9A7BB86C336844EF1D466967 /* Products */,
			);
			sourceTree = "<group>";
		};
		DD1788C3B430035E95F6EE3D /* AutoDiagPro */ = {
			isa = PBXGroup;
			children = (
				77FE652989E9B53A33D16B8F /* AutoDiagProApp.swift */,
				7D0971D95BD9AF663CF4FB17 /* Info.plist */,
				17BD25A0F7E3204088DB9FE7 /* Assets.xcassets */,
				C775CE326630AD13BF7DE9A1 /* Models */,
				C889791BD31623F73A919D8E /* Views */,
				7BE6A6CBEC9176276DDA1B41 /* Services */,
				92031A8DBCB7CC3537B52F8A /* Utilities */,
			);
			path = AutoDiagPro;
			sourceTree = "<group>";
		};
		C775CE326630AD13BF7DE9A1 /* Models */ = {
			isa = PBXGroup;
			children = (
				5635ED88691CD52AEA012462 /* Vehicle.swift */,
				F798E74E95BAB90B31F95370 /* Diagnostic.swift */,
				66A999DF1F42367AC2B0AE73 /* ServiceItem.swift */,
				8879CAE35723FC79CFE5337D /* CostEstimate.swift */,
				9F607DD755FB618DC705AE6B /* OBDData.swift */,
				43F0AEEF5CEE601D9DEF7027 /* ChatMessage.swift */,
				3CD3B589F48155F85CEF634C /* HealthScore.swift */,
				DDDB3FA1466E42973C1BD2AE /* JournalEntry.swift */,
				3F6BC13CC734E520F85FB5B2 /* ServiceLocation.swift */,
			);
			path = Models;
			sourceTree = "<group>";
		};
		C889791BD31623F73A919D8E /* Views */ = {
			isa = PBXGroup;
			children = (
				5381E4F234C43A059ADADCA7 /* Main */,
				3DF2D4B30D8E4F00123EB734 /* Scan */,
				559F5F69692AF524086F8B27 /* VIN */,
				2B949AF8AC7467DDAA2990BF /* Service */,
				A1F3D8E72C4B9F1058E62D03 /* Costs */,
				B2E4C9F83D5CA01169F73E14 /* Live */,
				C3F5DAE94E6DB12270084F25 /* Voice */,
				D4A6EBF05F7EC23381195A36 /* Chat */,
				E5B7FC016A8FD34492206B47 /* Shared */,
				AA1122334455667788990011 /* Health */,
				BB2233445566778899001122 /* History */,
				CC3344556677889900112233 /* Journal */,
				DD4455667788990011223344 /* Map */,
				EE5566778899001122334455 /* Sound */,
				FF6677889900112233445566 /* AR */,
			);
			path = Views;
			sourceTree = "<group>";
		};
		7BE6A6CBEC9176276DDA1B41 /* Services */ = {
			isa = PBXGroup;
			children = (
				11E49637FA00E8E2BACB0CCA /* VehicleManager.swift */,
				52B20E51DD84128A24DC29ED /* SpeechRecognitionManager.swift */,
				27D06477771915363950D0E9 /* OBD2BluetoothManager.swift */,
				D279922C1401931CFA4D0954 /* MaintenanceAlarmManager.swift */,
				EA57A9CC0EF9531D3DB64F16 /* NightModeManager.swift */,
				42FF6ABA40B111D08FFF3B6C /* PDFExportManager.swift */,
			);
			path = Services;
			sourceTree = "<group>";
		};
		92031A8DBCB7CC3537B52F8A /* Utilities */ = {
			isa = PBXGroup;
			children = (
				4CE411EB52090252C83B052B /* AppState.swift */,
				28B3FE4E73E7897AEA325B84 /* Extensions.swift */,
				CE1349ECE129CB99ADC06EDB /* Theme.swift */,
			);
			path = Utilities;
			sourceTree = "<group>";
		};
		5381E4F234C43A059ADADCA7 /* Main */ = {
			isa = PBXGroup;
			children = (
				94B7FCAAED96EBFCCB8AEA99 /* MainTabView.swift */,
				128507A7D8C047D74ECD5482 /* MoreMenuView.swift */,
			);
			path = Main;
			sourceTree = "<group>";
		};
		3DF2D4B30D8E4F00123EB734 /* Scan */ = {
			isa = PBXGroup;
			children = (
				266B4734CF8F0F11172DD62E /* ScanView.swift */,
			);
			path = Scan;
			sourceTree = "<group>";
		};
		559F5F69692AF524086F8B27 /* VIN */ = {
			isa = PBXGroup;
			children = (
				16AD5892EBC852359B09D316 /* VINScanView.swift */,
			);
			path = VIN;
			sourceTree = "<group>";
		};
		2B949AF8AC7467DDAA2990BF /* Service */ = {
			isa = PBXGroup;
			children = (
				0FD5969A3C499CFB307EF096 /* ServiceCalendarView.swift */,
			);
			path = Service;
			sourceTree = "<group>";
		};
		A1F3D8E72C4B9F1058E62D03 /* Costs */ = {
			isa = PBXGroup;
			children = (
				26731134F97B48DBE9978242 /* CostEstimatorView.swift */,
				ADA917E419C3AE112ACD1506 /* CostComparatorView.swift */,
			);
			path = Costs;
			sourceTree = "<group>";
		};
		B2E4C9F83D5CA01169F73E14 /* Live */ = {
			isa = PBXGroup;
			children = (
				526F84A86BE7844EC28576C4 /* LiveDashboardView.swift */,
			);
			path = Live;
			sourceTree = "<group>";
		};
		C3F5DAE94E6DB12270084F25 /* Voice */ = {
			isa = PBXGroup;
			children = (
				3874B7F40FEE64665B4065FB /* VoiceDiagnosticView.swift */,
			);
			path = Voice;
			sourceTree = "<group>";
		};
		D4A6EBF05F7EC23381195A36 /* Chat */ = {
			isa = PBXGroup;
			children = (
				3770A9E69786BC180759BA5F /* MechanicChatView.swift */,
			);
			path = Chat;
			sourceTree = "<group>";
		};
		E5B7FC016A8FD34492206B47 /* Shared */ = {
			isa = PBXGroup;
			children = (
				02A703DA5998F0588DA3D154 /* ImagePickerView.swift */,
			);
			path = Shared;
			sourceTree = "<group>";
		};
		AA1122334455667788990011 /* Health */ = {
			isa = PBXGroup;
			children = (
				AB588935285A14038EF9F9DA /* HealthScoreView.swift */,
				D4B89C484AB5F8DA4E27350E /* CarAnimationView.swift */,
				FA82578F27B899B75F3C51D0 /* MaintenanceAlarmsView.swift */,
				3EACCB227AB418316386CBDE /* ShakeDiagnoseView.swift */,
				B195B9A688F8B1A2DA7C2E6F /* HealthWidgetView.swift */,
			);
			path = Health;
			sourceTree = "<group>";
		};
		BB2233445566778899001122 /* History */ = {
			isa = PBXGroup;
			children = (
				F5CD6E387EBA901D9ECA1D70 /* DiagnosticHistoryView.swift */,
			);
			path = History;
			sourceTree = "<group>";
		};
		CC3344556677889900112233 /* Journal */ = {
			isa = PBXGroup;
			children = (
				AB4F6263A0F2E17A29430813 /* VehicleJournalView.swift */,
			);
			path = Journal;
			sourceTree = "<group>";
		};
		DD4455667788990011223344 /* Map */ = {
			isa = PBXGroup;
			children = (
				DB6A69A507FA74B99E6158B8 /* ServiceMapView.swift */,
			);
			path = Map;
			sourceTree = "<group>";
		};
		EE5566778899001122334455 /* Sound */ = {
			isa = PBXGroup;
			children = (
				CADD17DDA952A614910FE3B2 /* EngineSoundAnalysisView.swift */,
			);
			path = Sound;
			sourceTree = "<group>";
		};
		FF6677889900112233445566 /* AR */ = {
			isa = PBXGroup;
			children = (
				1A2B3C4D5E6F07182930A1B2 /* ARDiagnosticView.swift */,
				2B3C4D5E6F07182930A1B2C3 /* QRPartScannerView.swift */,
			);
			path = AR;
			sourceTree = "<group>";
		};
		9A7BB86C336844EF1D466967 /* Products */ = {
			isa = PBXGroup;
			children = (
				69678153401C62EBDAC17B5D /* AutoDiagPro.app */,
			);
			name = Products;
			sourceTree = "<group>";
		};
/* End PBXGroup section */

/* Begin PBXNativeTarget section */
		F6C8DC017A9FE45593317C58 /* AutoDiagPro */ = {
			isa = PBXNativeTarget;
			buildConfigurationList = A7D9ED128BAF056AA4428D69 /* Build configuration list for PBXNativeTarget "AutoDiagPro" */;
			buildPhases = (
				B8EAFE239CB01678B5539E7A /* Sources */,
				7475EAE9FB42403057B23969 /* Frameworks */,
				C9FBFF34ADCB2789C6640F8B /* Resources */,
			);
			buildRules = (
			);
			dependencies = (
			);
			name = AutoDiagPro;
			productName = AutoDiagPro;
			productReference = 69678153401C62EBDAC17B5D /* AutoDiagPro.app */;
			productType = "com.apple.product-type.application";
		};
/* End PBXNativeTarget section */

/* Begin PBXProject section */
		DA0C0045BEDC389AD7751F9C /* Project object */ = {
			isa = PBXProject;
			attributes = {
				BuildIndependentTargetsInParallel = 1;
				LastSwiftUpdateCheck = 1500;
				LastUpgradeCheck = 1500;
				TargetAttributes = {
					F6C8DC017A9FE45593317C58 = {
						CreatedOnToolsVersion = 15.0;
					};
				};
			};
			buildConfigurationList = EB1D1156CFED49ABC8862A7B /* Build configuration list for PBXProject "AutoDiagPro" */;
			compatibilityVersion = "Xcode 14.0";
			developmentRegion = ro;
			hasScannedForEncodings = 0;
			knownRegions = (
				en,
				ro,
				Base,
			);
			mainGroup = 1B2C7A5D13AFA59187E975E9;
			productRefGroup = 9A7BB86C336844EF1D466967 /* Products */;
			projectDirPath = "";
			projectRoot = "";
			targets = (
				F6C8DC017A9FE45593317C58 /* AutoDiagPro */,
			);
		};
/* End PBXProject section */

/* Begin PBXResourcesBuildPhase section */
		C9FBFF34ADCB2789C6640F8B /* Resources */ = {
			isa = PBXResourcesBuildPhase;
			buildActionMask = 2147483647;
			files = (
				825EE232CDA1398273789CC9 /* Assets.xcassets in Resources */,
			);
			runOnlyForDeploymentPostprocessing = 0;
		};
/* End PBXResourcesBuildPhase section */

/* Begin PBXSourcesBuildPhase section */
		B8EAFE239CB01678B5539E7A /* Sources */ = {
			isa = PBXSourcesBuildPhase;
			buildActionMask = 2147483647;
			files = (
				B9ECD8790D7B03C40B9473A7 /* AutoDiagProApp.swift in Sources */,
				2C5E007E5A575E194AE81977 /* Vehicle.swift in Sources */,
				7E9B908BC2F695D2CC0F5A13 /* Diagnostic.swift in Sources */,
				9ADFE97EF6FA0216DCE20D11 /* ServiceItem.swift in Sources */,
				7747FC8C9837632F73C1AB26 /* CostEstimate.swift in Sources */,
				7B217081A987733474C9454F /* OBDData.swift in Sources */,
				CFD1FF49482F046D25C02EAC /* ChatMessage.swift in Sources */,
				9D64079D4292661683F03717 /* VehicleManager.swift in Sources */,
				6F44655F01640AE2DB4D58FF /* SpeechRecognitionManager.swift in Sources */,
				52FF3627B5679926A3A36599 /* OBD2BluetoothManager.swift in Sources */,
				D169E594807B735C5FD6C90C /* AppState.swift in Sources */,
				6E011219F7C621C79E5AF758 /* Extensions.swift in Sources */,
				F7B2DCAF5F66CE5992ED801E /* Theme.swift in Sources */,
				DC9F32DA0225AA6FE5806FD9 /* MainTabView.swift in Sources */,
				926677A03C1DCE671F229EB0 /* ScanView.swift in Sources */,
				9C828714BDF8C43D22C5DDC3 /* VINScanView.swift in Sources */,
				0B30FEE659319A33EF1531F3 /* ServiceCalendarView.swift in Sources */,
				37E018F993A9EEDC14C6D79A /* CostEstimatorView.swift in Sources */,
				5854D7E555484C29AB5EF507 /* LiveDashboardView.swift in Sources */,
				92517CF614CD584E79EFB21A /* VoiceDiagnosticView.swift in Sources */,
				0D6C221E3D56B2DDB39FC7BF /* MechanicChatView.swift in Sources */,
				EE4C030FE4EF6B54E7B5B9B3 /* ImagePickerView.swift in Sources */,
				03B7D81C76D583C2060F3DF2 /* HealthScore.swift in Sources */,
				70D2AC0EC002BB902CD27FF6 /* JournalEntry.swift in Sources */,
				DE42D867A305313FCC28281A /* ServiceLocation.swift in Sources */,
				E55AE74C03AD3DFFC338F26F /* MaintenanceAlarmManager.swift in Sources */,
				53246608B59239185BCE660C /* NightModeManager.swift in Sources */,
				8073DE5B75C02A7632651091 /* PDFExportManager.swift in Sources */,
				6168C13738703A86BDBF504F /* HealthScoreView.swift in Sources */,
				DD33E9D43A6D7B5D06B98B42 /* DiagnosticHistoryView.swift in Sources */,
				704944F3316A01A6325B27CE /* VehicleJournalView.swift in Sources */,
				A0AB3B3CFCF6977DA6F2F52A /* MaintenanceAlarmsView.swift in Sources */,
				BCCA5327BED3E870C5F32FB5 /* CarAnimationView.swift in Sources */,
				F3F2F83498F2AB5B9C3C1349 /* HealthWidgetView.swift in Sources */,
				87FB1D6FAB23479D8E97B5F3 /* ShakeDiagnoseView.swift in Sources */,
				C82E55249439C1270677099A /* CostComparatorView.swift in Sources */,
				845A9B15D573A487404B46A4 /* ServiceMapView.swift in Sources */,
				DB66A83B26C14EA193310B6E /* EngineSoundAnalysisView.swift in Sources */,
				43670D616FAB779EBF6CCD1B /* MoreMenuView.swift in Sources */,
				A1B2C3D4E5F60718293A4B5C /* ARDiagnosticView.swift in Sources */,
				B2C3D4E5F6071829A3B4C5D6 /* QRPartScannerView.swift in Sources */,
			);
			runOnlyForDeploymentPostprocessing = 0;
		};
/* End PBXSourcesBuildPhase section */

/* Begin XCBuildConfiguration section */
		FC2E2267DEEF589BE9973C0A /* Debug */ = {
			isa = XCBuildConfiguration;
			buildSettings = {
				ALWAYS_SEARCH_USER_PATHS = NO;
				ASSETCATALOG_COMPILER_GENERATE_SWIFT_ASSET_SYMBOL_EXTENSIONS = YES;
				CLANG_ANALYZER_NONNULL = YES;
				CLANG_ANALYZER_NUMBER_OBJECT_CONVERSION = YES_AGGRESSIVE;
				CLANG_CXX_LANGUAGE_STANDARD = "gnu++20";
				CLANG_ENABLE_MODULES = YES;
				CLANG_ENABLE_OBJC_ARC = YES;
				CLANG_ENABLE_OBJC_WEAK = YES;
				CLANG_WARN_BLOCK_CAPTURE_AUTORELEASING = YES;
				CLANG_WARN_BOOL_CONVERSION = YES;
				CLANG_WARN_COMMA = YES;
				CLANG_WARN_CONSTANT_CONVERSION = YES;
				CLANG_WARN_DEPRECATED_OBJC_IMPLEMENTATIONS = YES;
				CLANG_WARN_DIRECT_OBJC_ISA_USAGE = YES_ERROR;
				CLANG_WARN_DOCUMENTATION_COMMENTS = YES;
				CLANG_WARN_EMPTY_BODY = YES;
				CLANG_WARN_ENUM_CONVERSION = YES;
				CLANG_WARN_INFINITE_RECURSION = YES;
				CLANG_WARN_INT_CONVERSION = YES;
				CLANG_WARN_NON_LITERAL_NULL_CONVERSION = YES;
				CLANG_WARN_OBJC_IMPLICIT_RETAIN_SELF = YES;
				CLANG_WARN_OBJC_LITERAL_CONVERSION = YES;
				CLANG_WARN_OBJC_ROOT_CLASS = YES_ERROR;
				CLANG_WARN_QUOTED_INCLUDE_IN_FRAMEWORK_HEADER = YES;
				CLANG_WARN_RANGE_LOOP_ANALYSIS = YES;
				CLANG_WARN_STRICT_PROTOTYPES = YES;
				CLANG_WARN_SUSPICIOUS_MOVE = YES;
				CLANG_WARN_UNGUARDED_AVAILABILITY = YES_AGGRESSIVE;
				CLANG_WARN_UNREACHABLE_CODE = YES;
				CLANG_WARN__DUPLICATE_METHOD_MATCH = YES;
				COPY_PHASE_STRIP = NO;
				DEBUG_INFORMATION_FORMAT = dwarf;
				ENABLE_STRICT_OBJC_MSGSEND = YES;
				ENABLE_TESTABILITY = YES;
				ENABLE_USER_SCRIPT_SANDBOXING = YES;
				GCC_C_LANGUAGE_STANDARD = gnu17;
				GCC_DYNAMIC_NO_PIC = NO;
				GCC_NO_COMMON_BLOCKS = YES;
				GCC_OPTIMIZATION_LEVEL = 0;
				GCC_PREPROCESSOR_DEFINITIONS = (
					"DEBUG=1",
					"$(inherited)",
				);
				GCC_WARN_64_TO_32_BIT_CONVERSION = YES;
				GCC_WARN_ABOUT_RETURN_TYPE = YES_ERROR;
				GCC_WARN_UNDECLARED_SELECTOR = YES;
				GCC_WARN_UNINITIALIZED_AUTOS = YES_AGGRESSIVE;
				GCC_WARN_UNUSED_FUNCTION = YES;
				GCC_WARN_UNUSED_VARIABLE = YES;
				IPHONEOS_DEPLOYMENT_TARGET = 16.0;
				LOCALIZATION_PREFERS_STRING_CATALOGS = YES;
				MTL_ENABLE_DEBUG_INFO = INCLUDE_SOURCE;
				MTL_FAST_MATH = YES;
				ONLY_ACTIVE_ARCH = YES;
				SDKROOT = iphoneos;
				SWIFT_ACTIVE_COMPILATION_CONDITIONS = "DEBUG $(inherited)";
				SWIFT_OPTIMIZATION_LEVEL = "-Onone";
			};
			name = Debug;
		};
		0D3F3378EFF069ACF0A84D1B /* Release */ = {
			isa = XCBuildConfiguration;
			buildSettings = {
				ALWAYS_SEARCH_USER_PATHS = NO;
				ASSETCATALOG_COMPILER_GENERATE_SWIFT_ASSET_SYMBOL_EXTENSIONS = YES;
				CLANG_ANALYZER_NONNULL = YES;
				CLANG_ANALYZER_NUMBER_OBJECT_CONVERSION = YES_AGGRESSIVE;
				CLANG_CXX_LANGUAGE_STANDARD = "gnu++20";
				CLANG_ENABLE_MODULES = YES;
				CLANG_ENABLE_OBJC_ARC = YES;
				CLANG_ENABLE_OBJC_WEAK = YES;
				CLANG_WARN_BLOCK_CAPTURE_AUTORELEASING = YES;
				CLANG_WARN_BOOL_CONVERSION = YES;
				CLANG_WARN_COMMA = YES;
				CLANG_WARN_CONSTANT_CONVERSION = YES;
				CLANG_WARN_DEPRECATED_OBJC_IMPLEMENTATIONS = YES;
				CLANG_WARN_DIRECT_OBJC_ISA_USAGE = YES_ERROR;
				CLANG_WARN_DOCUMENTATION_COMMENTS = YES;
				CLANG_WARN_EMPTY_BODY = YES;
				CLANG_WARN_ENUM_CONVERSION = YES;
				CLANG_WARN_INFINITE_RECURSION = YES;
				CLANG_WARN_INT_CONVERSION = YES;
				CLANG_WARN_NON_LITERAL_NULL_CONVERSION = YES;
				CLANG_WARN_OBJC_IMPLICIT_RETAIN_SELF = YES;
				CLANG_WARN_OBJC_LITERAL_CONVERSION = YES;
				CLANG_WARN_OBJC_ROOT_CLASS = YES_ERROR;
				CLANG_WARN_QUOTED_INCLUDE_IN_FRAMEWORK_HEADER = YES;
				CLANG_WARN_RANGE_LOOP_ANALYSIS = YES;
				CLANG_WARN_STRICT_PROTOTYPES = YES;
				CLANG_WARN_SUSPICIOUS_MOVE = YES;
				CLANG_WARN_UNGUARDED_AVAILABILITY = YES_AGGRESSIVE;
				CLANG_WARN_UNREACHABLE_CODE = YES;
				CLANG_WARN__DUPLICATE_METHOD_MATCH = YES;
				COPY_PHASE_STRIP = NO;
				DEBUG_INFORMATION_FORMAT = "dwarf-with-dsym";
				ENABLE_NS_ASSERTIONS = NO;
				ENABLE_STRICT_OBJC_MSGSEND = YES;
				ENABLE_USER_SCRIPT_SANDBOXING = YES;
				GCC_C_LANGUAGE_STANDARD = gnu17;
				GCC_NO_COMMON_BLOCKS = YES;
				GCC_WARN_64_TO_32_BIT_CONVERSION = YES;
				GCC_WARN_ABOUT_RETURN_TYPE = YES_ERROR;
				GCC_WARN_UNDECLARED_SELECTOR = YES;
				GCC_WARN_UNINITIALIZED_AUTOS = YES_AGGRESSIVE;
				GCC_WARN_UNUSED_FUNCTION = YES;
				GCC_WARN_UNUSED_VARIABLE = YES;
				IPHONEOS_DEPLOYMENT_TARGET = 16.0;
				LOCALIZATION_PREFERS_STRING_CATALOGS = YES;
				MTL_ENABLE_DEBUG_INFO = NO;
				MTL_FAST_MATH = YES;
				SDKROOT = iphoneos;
				SWIFT_COMPILATION_MODE = wholemodule;
				VALIDATE_PRODUCT = YES;
			};
			name = Release;
		};
		1E4A4489F00170BDF1B95E2C /* Debug */ = {
			isa = XCBuildConfiguration;
			buildSettings = {
				ASSETCATALOG_COMPILER_APPICON_NAME = AppIcon;
				ASSETCATALOG_COMPILER_GLOBAL_ACCENT_COLOR_NAME = AccentColor;
				CODE_SIGN_STYLE = Automatic;
				CURRENT_PROJECT_VERSION = 1;
				DEVELOPMENT_TEAM = "";
				ENABLE_PREVIEWS = YES;
				GENERATE_INFOPLIST_FILE = YES;
				INFOPLIST_FILE = AutoDiagPro/Info.plist;
				INFOPLIST_KEY_CFBundleDisplayName = "AutoDiag Pro";
				INFOPLIST_KEY_LSApplicationCategoryType = "public.app-category.utilities";
				INFOPLIST_KEY_NSBluetoothAlwaysUsageDescription = "AutoDiag Pro foloseste Bluetooth pentru conectarea la adaptorul OBD2 ELM327.";
				INFOPLIST_KEY_NSCameraUsageDescription = "AutoDiag Pro foloseste camera pentru scanare diagnostic si citire VIN/numar de inmatriculare.";
				INFOPLIST_KEY_NSMicrophoneUsageDescription = "AutoDiag Pro foloseste microfonul pentru comanda vocala si diagnostic vocal.";
				INFOPLIST_KEY_NSSpeechRecognitionUsageDescription = "AutoDiag Pro foloseste recunoasterea vocala pentru a primi comenzi in limba romana.";
				INFOPLIST_KEY_NSLocationWhenInUseUsageDescription = "AutoDiag Pro foloseste locatia pentru a gasi service-uri auto aproape de tine.";
				INFOPLIST_KEY_UIApplicationSceneManifest_Generation = YES;
				INFOPLIST_KEY_UIApplicationSupportsIndirectInputEvents = YES;
				INFOPLIST_KEY_UILaunchScreen_Generation = YES;
				INFOPLIST_KEY_UISupportedInterfaceOrientations_iPad = "UIInterfaceOrientationPortrait UIInterfaceOrientationPortraitUpsideDown UIInterfaceOrientationLandscapeLeft UIInterfaceOrientationLandscapeRight";
				INFOPLIST_KEY_UISupportedInterfaceOrientations_iPhone = "UIInterfaceOrientationPortrait";
				LD_RUNPATH_SEARCH_PATHS = (
					"$(inherited)",
					"@executable_path/Frameworks",
				);
				MARKETING_VERSION = 2.0;
				PRODUCT_BUNDLE_IDENTIFIER = com.autodiagpro.app;
				PRODUCT_NAME = "$(TARGET_NAME)";
				SUPPORTED_PLATFORMS = "iphoneos iphonesimulator";
				SUPPORTS_MACCATALYST = NO;
				SWIFT_EMIT_LOC_STRINGS = YES;
				SWIFT_VERSION = 5.0;
				TARGETED_DEVICE_FAMILY = "1,2";
			};
			name = Debug;
		};
		2F5B5590011281CEF2CA6F3D /* Release */ = {
			isa = XCBuildConfiguration;
			buildSettings = {
				ASSETCATALOG_COMPILER_APPICON_NAME = AppIcon;
				ASSETCATALOG_COMPILER_GLOBAL_ACCENT_COLOR_NAME = AccentColor;
				CODE_SIGN_STYLE = Automatic;
				CURRENT_PROJECT_VERSION = 1;
				DEVELOPMENT_TEAM = "";
				ENABLE_PREVIEWS = YES;
				GENERATE_INFOPLIST_FILE = YES;
				INFOPLIST_FILE = AutoDiagPro/Info.plist;
				INFOPLIST_KEY_CFBundleDisplayName = "AutoDiag Pro";
				INFOPLIST_KEY_LSApplicationCategoryType = "public.app-category.utilities";
				INFOPLIST_KEY_NSBluetoothAlwaysUsageDescription = "AutoDiag Pro foloseste Bluetooth pentru conectarea la adaptorul OBD2 ELM327.";
				INFOPLIST_KEY_NSCameraUsageDescription = "AutoDiag Pro foloseste camera pentru scanare diagnostic si citire VIN/numar de inmatriculare.";
				INFOPLIST_KEY_NSMicrophoneUsageDescription = "AutoDiag Pro foloseste microfonul pentru comanda vocala si diagnostic vocal.";
				INFOPLIST_KEY_NSSpeechRecognitionUsageDescription = "AutoDiag Pro foloseste recunoasterea vocala pentru a primi comenzi in limba romana.";
				INFOPLIST_KEY_NSLocationWhenInUseUsageDescription = "AutoDiag Pro foloseste locatia pentru a gasi service-uri auto aproape de tine.";
				INFOPLIST_KEY_UIApplicationSceneManifest_Generation = YES;
				INFOPLIST_KEY_UIApplicationSupportsIndirectInputEvents = YES;
				INFOPLIST_KEY_UILaunchScreen_Generation = YES;
				INFOPLIST_KEY_UISupportedInterfaceOrientations_iPad = "UIInterfaceOrientationPortrait UIInterfaceOrientationPortraitUpsideDown UIInterfaceOrientationLandscapeLeft UIInterfaceOrientationLandscapeRight";
				INFOPLIST_KEY_UISupportedInterfaceOrientations_iPhone = "UIInterfaceOrientationPortrait";
				LD_RUNPATH_SEARCH_PATHS = (
					"$(inherited)",
					"@executable_path/Frameworks",
				);
				MARKETING_VERSION = 2.0;
				PRODUCT_BUNDLE_IDENTIFIER = com.autodiagpro.app;
				PRODUCT_NAME = "$(TARGET_NAME)";
				SUPPORTED_PLATFORMS = "iphoneos iphonesimulator";
				SUPPORTS_MACCATALYST = NO;
				SWIFT_EMIT_LOC_STRINGS = YES;
				SWIFT_VERSION = 5.0;
				TARGETED_DEVICE_FAMILY = "1,2";
			};
			name = Release;
		};
/* End XCBuildConfiguration section */

/* Begin XCConfigurationList section */
		EB1D1156CFED49ABC8862A7B /* Build configuration list for PBXProject "AutoDiagPro" */ = {
			isa = XCConfigurationList;
			buildConfigurations = (
				FC2E2267DEEF589BE9973C0A /* Debug */,
				0D3F3378EFF069ACF0A84D1B /* Release */,
			);
			defaultConfigurationIsVisible = 0;
			defaultConfigurationName = Release;
		};
		A7D9ED128BAF056AA4428D69 /* Build configuration list for PBXNativeTarget "AutoDiagPro" */ = {
			isa = XCConfigurationList;
			buildConfigurations = (
				1E4A4489F00170BDF1B95E2C /* Debug */,
				2F5B5590011281CEF2CA6F3D /* Release */,
			);
			defaultConfigurationIsVisible = 0;
			defaultConfigurationName = Release;
		};
/* End XCConfigurationList section */
	};
	rootObject = DA0C0045BEDC389AD7751F9C /* Project object */;
}
